<?xml version="1.0" encoding="utf-8"?>
<Project ToolsVersion="4.0" xmlns="http://schemas.microsoft.com/developer/msbuild/2003">
  <ItemGroup>
    <Filter Include="소스 파일">
      <UniqueIdentifier>{4FC737F1-C7A5-4376-A066-2A32D752A2FF}</UniqueIdentifier>
      <Extensions>cpp;c;cc;cxx;c++;def;odl;idl;hpj;bat;asm;asmx</Extensions>
    </Filter>
    <Filter Include="헤더 파일">
      <UniqueIdentifier>{93995380-89BD-4b04-88EB-625FBE52EBFB}</UniqueIdentifier>
      <Extensions>h;hh;hpp;hxx;h++;hm;inl;inc;ipp;xsd</Extensions>
    </Filter>
    <Filter Include="리소스 파일">
      <UniqueIdentifier>{67DA6AB6-F800-4c08-8B7A-83BB121AAD01}</UniqueIdentifier>
      <Extensions>rc;ico;cur;bmp;dlg;rc2;rct;bin;rgs;gif;jpg;jpeg;jpe;resx;tiff;tif;png;wav;mfcribbon-ms</Extensions>
    </Filter>
  </ItemGroup>
  <ItemGroup>
    <ClCompile Include="14698-전생했더니 슬라임 연구자였던 건에 대하여 (Hard).cpp">
      <Filter>소스 파일</Filter>
    </ClCompile>
    <ClCompile Include="13904-과제.cpp">
      <Filter>소스 파일</Filter>
    </ClCompile>
    <ClCompile Include="13975-파일 합치기 3.cpp">
      <Filter>소스 파일</Filter>
    </ClCompile>
    <ClCompile Include="2212-센서.cpp">
      <Filter>소스 파일</Filter>
    </ClCompile>
    <ClCompile Include="1092-배.cpp">
      <Filter>소스 파일</Filter>
    </ClCompile>
    <ClCompile Include="1700-멀티탭 스케줄링.cpp">
      <Filter>소스 파일</Filter>
    </ClCompile>
    <ClCompile Include="1132-합.cpp">
      <Filter>소스 파일</Filter>
    </ClCompile>
    <ClCompile Include="1202-보석 도둑.cpp">
      <Filter>소스 파일</Filter>
    </ClCompile>
    <ClCompile Include="1339-단어 수학.cpp">
      <Filter>소스 파일</Filter>
    </ClCompile>
    <ClCompile Include="24025-돌의 정령 줄세우기.cpp">
      <Filter>소스 파일</Filter>
    </ClCompile>
    <ClCompile Include="3655-먼저 가세요.cpp">
      <Filter>소스 파일</Filter>
    </ClCompile>
    <ClCompile Include="1489-대결.cpp">
      <Filter>소스 파일</Filter>
    </ClCompile>
    <ClCompile Include="1374-강의실.cpp">
      <Filter>소스 파일</Filter>
    </ClCompile>
    <ClCompile Include="1744-수 묶기.cpp">
      <Filter>소스 파일</Filter>
    </ClCompile>
    <ClCompile Include="1263-시간 관리.cpp">
      <Filter>소스 파일</Filter>
    </ClCompile>
    <ClCompile Include="19598-최소 회의실 개수.cpp">
      <Filter>소스 파일</Filter>
    </ClCompile>
    <ClCompile Include="12904-A와 B.cpp">
      <Filter>소스 파일</Filter>
    </ClCompile>
    <ClCompile Include="1041-주사위.cpp">
      <Filter>소스 파일</Filter>
    </ClCompile>
    <ClCompile Include="1826-연료 채우기.cpp">
      <Filter>소스 파일</Filter>
    </ClCompile>
    <ClCompile Include="14939-불 끄기.cpp">
      <Filter>소스 파일</Filter>
    </ClCompile>
    <ClCompile Include="2262-토너먼트 만들기.cpp">
      <Filter>소스 파일</Filter>
    </ClCompile>
    <ClCompile Include="1461-도서관.cpp">
      <Filter>소스 파일</Filter>
    </ClCompile>
    <ClCompile Include="2437-저울.cpp">
      <Filter>소스 파일</Filter>
    </ClCompile>
    <ClCompile Include="2109-순회강연.cpp">
      <Filter>소스 파일</Filter>
    </ClCompile>
    <ClCompile Include="2457-공주님의 정원.cpp">
      <Filter>소스 파일</Filter>
    </ClCompile>
    <ClCompile Include="1082-방 번호.cpp">
      <Filter>소스 파일</Filter>
    </ClCompile>
    <ClCompile Include="7983-내일 할거야.cpp">
      <Filter>소스 파일</Filter>
    </ClCompile>
    <ClCompile Include="2141-우체국.cpp">
      <Filter>소스 파일</Filter>
    </ClCompile>
    <ClCompile Include="8980-택배.cpp">
      <Filter>소스 파일</Filter>
    </ClCompile>
    <ClCompile Include="2879-코딩은 예쁘게.cpp">
      <Filter>소스 파일</Filter>
    </ClCompile>
    <ClCompile Include="13164-행복 유치원.cpp">
      <Filter>소스 파일</Filter>
    </ClCompile>
    <ClCompile Include="11509-풍선 맞추기.cpp">
      <Filter>소스 파일</Filter>
    </ClCompile>
    <ClCompile Include="21926-Three-Axis Views.cpp">
      <Filter>소스 파일</Filter>
    </ClCompile>
    <ClCompile Include="18082-Canvas Line.cpp">
      <Filter>소스 파일</Filter>
    </ClCompile>
    <ClCompile Include="1036-36진수.cpp">
      <Filter>소스 파일</Filter>
    </ClCompile>
    <ClCompile Include="15553-난로.cpp">
      <Filter>소스 파일</Filter>
    </ClCompile>
    <ClCompile Include="14810-Ample Syrup (Large).cpp">
      <Filter>소스 파일</Filter>
    </ClCompile>
    <ClCompile Include="14711-타일 뒤집기 (Easy).cpp">
      <Filter>소스 파일</Filter>
    </ClCompile>
    <ClCompile Include="1736-쓰레기 치우기.cpp">
      <Filter>소스 파일</Filter>
    </ClCompile>
    <ClCompile Include="12931-두 배 더하기.cpp">
      <Filter>소스 파일</Filter>
    </ClCompile>
  </ItemGroup>
  <ItemGroup>
    <Text Include="input.txt">
      <Filter>리소스 파일</Filter>
    </Text>
  </ItemGroup>
</Project>