<?xml version="1.0" encoding="utf-8"?>
<Project ToolsVersion="4.0" xmlns="http://schemas.microsoft.com/developer/msbuild/2003">
  <ItemGroup>
    <Filter Include="소스 파일">
      <UniqueIdentifier>{4FC737F1-C7A5-4376-A066-2A32D752A2FF}</UniqueIdentifier>
      <Extensions>cpp;c;cc;cxx;c++;def;odl;idl;hpj;bat;asm;asmx</Extensions>
    </Filter>
    <Filter Include="헤더 파일">
      <UniqueIdentifier>{93995380-89BD-4b04-88EB-625FBE52EBFB}</UniqueIdentifier>
      <Extensions>h;hh;hpp;hxx;h++;hm;inl;inc;ipp;xsd</Extensions>
    </Filter>
    <Filter Include="리소스 파일">
      <UniqueIdentifier>{67DA6AB6-F800-4c08-8B7A-83BB121AAD01}</UniqueIdentifier>
      <Extensions>rc;ico;cur;bmp;dlg;rc2;rct;bin;rgs;gif;jpg;jpeg;jpe;resx;tiff;tif;png;wav;mfcribbon-ms</Extensions>
    </Filter>
  </ItemGroup>
  <ItemGroup>
    <ClCompile Include="2117-홈 방범 서비스.cpp">
      <Filter>소스 파일</Filter>
    </ClCompile>
    <ClCompile Include="2112-보호 필름.cpp">
      <Filter>소스 파일</Filter>
    </ClCompile>
    <ClCompile Include="2105-디저트 카페.cpp">
      <Filter>소스 파일</Filter>
    </ClCompile>
    <ClCompile Include="1952-수영장.cpp">
      <Filter>소스 파일</Filter>
    </ClCompile>
    <ClCompile Include="2382-미생물 격리.cpp">
      <Filter>소스 파일</Filter>
    </ClCompile>
    <ClCompile Include="4008-숫자 만들기.cpp">
      <Filter>소스 파일</Filter>
    </ClCompile>
    <ClCompile Include="2382-미생물 격리-2.cpp">
      <Filter>소스 파일</Filter>
    </ClCompile>
    <ClCompile Include="4012-요리사.cpp">
      <Filter>소스 파일</Filter>
    </ClCompile>
    <ClCompile Include="5644-무선 충전.cpp">
      <Filter>소스 파일</Filter>
    </ClCompile>
    <ClCompile Include="1767-프로세서 연결하기.cpp">
      <Filter>소스 파일</Filter>
    </ClCompile>
    <ClCompile Include="2115-벌꿀채취.cpp">
      <Filter>소스 파일</Filter>
    </ClCompile>
    <ClCompile Include="2383-점심 식사시간.cpp">
      <Filter>소스 파일</Filter>
    </ClCompile>
    <ClCompile Include="2477-차량 정비소.cpp">
      <Filter>소스 파일</Filter>
    </ClCompile>
    <ClCompile Include="4013-특이한 자석.cpp">
      <Filter>소스 파일</Filter>
    </ClCompile>
    <ClCompile Include="4014-활주로 건설.cpp">
      <Filter>소스 파일</Filter>
    </ClCompile>
    <ClCompile Include="7194-화섭이의 미생물 배양.cpp">
      <Filter>소스 파일</Filter>
    </ClCompile>
    <ClCompile Include="5650-핀볼 게임.cpp">
      <Filter>소스 파일</Filter>
    </ClCompile>
    <ClCompile Include="1953-탈주범 검거.cpp">
      <Filter>소스 파일</Filter>
    </ClCompile>
    <ClCompile Include="5658-보물상자 비밀번호.cpp">
      <Filter>소스 파일</Filter>
    </ClCompile>
    <ClCompile Include="1247-최적 경로.cpp">
      <Filter>소스 파일</Filter>
    </ClCompile>
    <ClCompile Include="5656-벽돌 깨기.cpp">
      <Filter>소스 파일</Filter>
    </ClCompile>
    <ClCompile Include="5653-줄기세포배양.cpp">
      <Filter>소스 파일</Filter>
    </ClCompile>
    <ClCompile Include="1949-등산로 조성.cpp">
      <Filter>소스 파일</Filter>
    </ClCompile>
    <ClCompile Include="1288-새로운 불면증 치료법.cpp">
      <Filter>소스 파일</Filter>
    </ClCompile>
    <ClCompile Include="10726-이진수 표현.cpp">
      <Filter>소스 파일</Filter>
    </ClCompile>
    <ClCompile Include="1230-암호문3.cpp">
      <Filter>소스 파일</Filter>
    </ClCompile>
    <ClCompile Include="1231-중위순회.cpp">
      <Filter>소스 파일</Filter>
    </ClCompile>
    <ClCompile Include="1248-공통조상.cpp">
      <Filter>소스 파일</Filter>
    </ClCompile>
    <ClCompile Include="1868-파핑파핑 지뢰찾기.cpp">
      <Filter>소스 파일</Filter>
    </ClCompile>
  </ItemGroup>
  <ItemGroup>
    <Text Include="sample_input.txt">
      <Filter>리소스 파일</Filter>
    </Text>
  </ItemGroup>
</Project>