<?xml version="1.0" encoding="utf-8"?>
<Project ToolsVersion="4.0" xmlns="http://schemas.microsoft.com/developer/msbuild/2003">
  <ItemGroup>
    <Filter Include="소스 파일">
      <UniqueIdentifier>{4FC737F1-C7A5-4376-A066-2A32D752A2FF}</UniqueIdentifier>
      <Extensions>cpp;c;cc;cxx;c++;def;odl;idl;hpj;bat;asm;asmx</Extensions>
    </Filter>
    <Filter Include="헤더 파일">
      <UniqueIdentifier>{93995380-89BD-4b04-88EB-625FBE52EBFB}</UniqueIdentifier>
      <Extensions>h;hh;hpp;hxx;h++;hm;inl;inc;ipp;xsd</Extensions>
    </Filter>
    <Filter Include="리소스 파일">
      <UniqueIdentifier>{67DA6AB6-F800-4c08-8B7A-83BB121AAD01}</UniqueIdentifier>
      <Extensions>rc;ico;cur;bmp;dlg;rc2;rct;bin;rgs;gif;jpg;jpeg;jpe;resx;tiff;tif;png;wav;mfcribbon-ms</Extensions>
    </Filter>
  </ItemGroup>
  <ItemGroup>
    <ClCompile Include="17141-연구소 2.cpp">
      <Filter>소스 파일</Filter>
    </ClCompile>
    <ClCompile Include="16918-봄버맨.cpp">
      <Filter>소스 파일</Filter>
    </ClCompile>
    <ClCompile Include="16946-벽 부수고 이동하기 4.cpp">
      <Filter>소스 파일</Filter>
    </ClCompile>
    <ClCompile Include="17071-숨바꼭질 5.cpp">
      <Filter>소스 파일</Filter>
    </ClCompile>
    <ClCompile Include="3187-양치기 꿍.cpp">
      <Filter>소스 파일</Filter>
    </ClCompile>
    <ClCompile Include="2206-벽 부수고 이동하기.cpp">
      <Filter>소스 파일</Filter>
    </ClCompile>
    <ClCompile Include="16988-Baaaaaaaaaduk2 (Easy).cpp">
      <Filter>소스 파일</Filter>
    </ClCompile>
    <ClCompile Include="13460-구슬 탈출 2.cpp">
      <Filter>소스 파일</Filter>
    </ClCompile>
    <ClCompile Include="14226-이모티콘.cpp">
      <Filter>소스 파일</Filter>
    </ClCompile>
    <ClCompile Include="1113-수영장 만들기.cpp">
      <Filter>소스 파일</Filter>
    </ClCompile>
    <ClCompile Include="17142-연구소 3.cpp">
      <Filter>소스 파일</Filter>
    </ClCompile>
    <ClCompile Include="22949-회전 미로 탐색.cpp">
      <Filter>소스 파일</Filter>
    </ClCompile>
    <ClCompile Include="2636-치즈.cpp">
      <Filter>소스 파일</Filter>
    </ClCompile>
    <ClCompile Include="9328-열쇠.cpp">
      <Filter>소스 파일</Filter>
    </ClCompile>
    <ClCompile Include="12851-숨바꼭질 2.cpp">
      <Filter>소스 파일</Filter>
    </ClCompile>
    <ClCompile Include="13913-숨바꼭질 4.cpp">
      <Filter>소스 파일</Filter>
    </ClCompile>
    <ClCompile Include="15971-두 로봇.cpp">
      <Filter>소스 파일</Filter>
    </ClCompile>
    <ClCompile Include="1600-말이 되고픈 원숭이.cpp">
      <Filter>소스 파일</Filter>
    </ClCompile>
    <ClCompile Include="5427-불.cpp">
      <Filter>소스 파일</Filter>
    </ClCompile>
    <ClCompile Include="11967-불켜기.cpp">
      <Filter>소스 파일</Filter>
    </ClCompile>
    <ClCompile Include="17836-공주님을 구해라!.cpp">
      <Filter>소스 파일</Filter>
    </ClCompile>
    <ClCompile Include="1525-퍼즐.cpp">
      <Filter>소스 파일</Filter>
    </ClCompile>
    <ClCompile Include="1245-농장 관리.cpp">
      <Filter>소스 파일</Filter>
    </ClCompile>
    <ClCompile Include="18405-경쟁적 전염.cpp">
      <Filter>소스 파일</Filter>
    </ClCompile>
    <ClCompile Include="2310-어드벤처 게임.cpp">
      <Filter>소스 파일</Filter>
    </ClCompile>
    <ClCompile Include="9019-DSLR.cpp">
      <Filter>소스 파일</Filter>
    </ClCompile>
    <ClCompile Include="9205-맥주 마시면서 걸어가기.cpp">
      <Filter>소스 파일</Filter>
    </ClCompile>
  </ItemGroup>
  <ItemGroup>
    <Text Include="input.txt">
      <Filter>리소스 파일</Filter>
    </Text>
  </ItemGroup>
</Project>