
Microsoft Visual Studio Solution File, Format Version 12.00
# Visual Studio Version 16
VisualStudioVersion = 16.0.29926.136
MinimumVisualStudioVersion = 10.0.40219.1
Project("{8BC9CEB8-8B4A-11D0-8D11-00A0C91BC942}") = "미분류", "미분류\미분류.vcxproj", "{09B12285-B5B1-41AA-8A13-D39B7FA405B2}"
EndProject
Project("{8BC9CEB8-8B4A-11D0-8D11-00A0C91BC942}") = "너비 우선 탐색", "너비 우선 탐색\너비 우선 탐색.vcxproj", "{E9E8C14D-E484-4BA5-B2DF-F95112A0C59F}"
EndProject
Project("{8BC9CEB8-8B4A-11D0-8D11-00A0C91BC942}") = "이분 탐색", "이분 탐색\이분 탐색.vcxproj", "{08B68905-C512-423D-AF11-76B4CEC096C0}"
EndProject
Project("{8BC9CEB8-8B4A-11D0-8D11-00A0C91BC942}") = "동적 계획법", "동적 계획법\동적 계획법.vcxproj", "{8FE94F7D-4600-42B5-A25F-24D6B776AF01}"
EndProject
Project("{8BC9CEB8-8B4A-11D0-8D11-00A0C91BC942}") = "최소 신장 트리", "최소 신장 트리\최소 신장 트리.vcxproj", "{4871C04C-DE54-400B-84CF-D4E024EC88E4}"
EndProject
Project("{8BC9CEB8-8B4A-11D0-8D11-00A0C91BC942}") = "그래프 이론", "그래프 이론\그래프 이론.vcxproj", "{0C4EDDBE-F67A-4E40-802A-CBB3FE18BAAF}"
EndProject
Project("{8BC9CEB8-8B4A-11D0-8D11-00A0C91BC942}") = "구현", "구현\구현.vcxproj", "{1CF98331-1459-41EF-8B6D-002955779F37}"
EndProject
Project("{8BC9CEB8-8B4A-11D0-8D11-00A0C91BC942}") = "깊이 우선 탐색", "깊이 우선 탐색\깊이 우선 탐색.vcxproj", "{5811C9A3-8678-46B9-8544-DF4E8084900C}"
EndProject
Project("{8BC9CEB8-8B4A-11D0-8D11-00A0C91BC942}") = "완전 탐색", "완전 탐색\완전 탐색.vcxproj", "{46D1B1D3-7515-4EE4-A4F7-925BA82432BA}"
EndProject
Project("{8BC9CEB8-8B4A-11D0-8D11-00A0C91BC942}") = "시뮬레이션", "시뮬레이션\시뮬레이션.vcxproj", "{9886C4E3-4274-4752-8BCC-C53CF9FA995F}"
EndProject
Project("{8BC9CEB8-8B4A-11D0-8D11-00A0C91BC942}") = "수학", "수학\수학.vcxproj", "{B401BE76-943A-4BCA-A092-5E07E57DFCAF}"
EndProject
Project("{8BC9CEB8-8B4A-11D0-8D11-00A0C91BC942}") = "분리 집합", "분리 집합\분리 집합.vcxproj", "{BA6D7E0B-9027-4E29-BD33-53C29C950FC5}"
EndProject
Project("{8BC9CEB8-8B4A-11D0-8D11-00A0C91BC942}") = "그리디 알고리즘", "그리디 알고리즘\그리디 알고리즘.vcxproj", "{DF3BA758-42F2-4814-BD94-EB6F533AB1DD}"
EndProject
Project("{8BC9CEB8-8B4A-11D0-8D11-00A0C91BC942}") = "두 포인터", "두 포인터\두 포인터.vcxproj", "{85C489F5-FED9-4CCF-A0B1-6772CC5555A1}"
EndProject
Project("{8BC9CEB8-8B4A-11D0-8D11-00A0C91BC942}") = "브루트포스 알고리즘", "브루트포스 알고리즘\브루트포스 알고리즘.vcxproj", "{F0FF3447-83EA-49CA-BFFE-CC3368274AAF}"
EndProject
Project("{8BC9CEB8-8B4A-11D0-8D11-00A0C91BC942}") = "위상 정렬", "위상 정렬\위상 정렬.vcxproj", "{BB72481F-524B-4CA8-B6A3-9898C6EF4520}"
EndProject
Project("{8BC9CEB8-8B4A-11D0-8D11-00A0C91BC942}") = "다익스트라", "다익스트라\다익스트라.vcxproj", "{90994871-AF75-426D-8F9D-56EB733D01F6}"
EndProject
Project("{8BC9CEB8-8B4A-11D0-8D11-00A0C91BC942}") = "비트필드를 이용한 다이나믹 프로그래밍", "비트필드를 이용한 다이나믹 프로그래밍\비트필드를 이용한 다이나믹 프로그래밍.vcxproj", "{E1EFBB63-E990-41CB-AC55-FAD03BB96730}"
EndProject
Project("{8BC9CEB8-8B4A-11D0-8D11-00A0C91BC942}") = "큐", "큐\큐.vcxproj", "{D3C20940-5012-4EAB-8F63-5EE0E24C9306}"
EndProject
Global
	GlobalSection(SolutionConfigurationPlatforms) = preSolution
		Debug|x64 = Debug|x64
		Debug|x86 = Debug|x86
		Release|x64 = Release|x64
		Release|x86 = Release|x86
	EndGlobalSection
	GlobalSection(ProjectConfigurationPlatforms) = postSolution
		{09B12285-B5B1-41AA-8A13-D39B7FA405B2}.Debug|x64.ActiveCfg = Debug|x64
		{09B12285-B5B1-41AA-8A13-D39B7FA405B2}.Debug|x64.Build.0 = Debug|x64
		{09B12285-B5B1-41AA-8A13-D39B7FA405B2}.Debug|x86.ActiveCfg = Debug|Win32
		{09B12285-B5B1-41AA-8A13-D39B7FA405B2}.Debug|x86.Build.0 = Debug|Win32
		{09B12285-B5B1-41AA-8A13-D39B7FA405B2}.Release|x64.ActiveCfg = Release|x64
		{09B12285-B5B1-41AA-8A13-D39B7FA405B2}.Release|x64.Build.0 = Release|x64
		{09B12285-B5B1-41AA-8A13-D39B7FA405B2}.Release|x86.ActiveCfg = Release|Win32
		{09B12285-B5B1-41AA-8A13-D39B7FA405B2}.Release|x86.Build.0 = Release|Win32
		{E9E8C14D-E484-4BA5-B2DF-F95112A0C59F}.Debug|x64.ActiveCfg = Debug|x64
		{E9E8C14D-E484-4BA5-B2DF-F95112A0C59F}.Debug|x64.Build.0 = Debug|x64
		{E9E8C14D-E484-4BA5-B2DF-F95112A0C59F}.Debug|x86.ActiveCfg = Debug|Win32
		{E9E8C14D-E484-4BA5-B2DF-F95112A0C59F}.Debug|x86.Build.0 = Debug|Win32
		{E9E8C14D-E484-4BA5-B2DF-F95112A0C59F}.Release|x64.ActiveCfg = Release|x64
		{E9E8C14D-E484-4BA5-B2DF-F95112A0C59F}.Release|x64.Build.0 = Release|x64
		{E9E8C14D-E484-4BA5-B2DF-F95112A0C59F}.Release|x86.ActiveCfg = Release|Win32
		{E9E8C14D-E484-4BA5-B2DF-F95112A0C59F}.Release|x86.Build.0 = Release|Win32
		{08B68905-C512-423D-AF11-76B4CEC096C0}.Debug|x64.ActiveCfg = Debug|x64
		{08B68905-C512-423D-AF11-76B4CEC096C0}.Debug|x64.Build.0 = Debug|x64
		{08B68905-C512-423D-AF11-76B4CEC096C0}.Debug|x86.ActiveCfg = Debug|Win32
		{08B68905-C512-423D-AF11-76B4CEC096C0}.Debug|x86.Build.0 = Debug|Win32
		{08B68905-C512-423D-AF11-76B4CEC096C0}.Release|x64.ActiveCfg = Release|x64
		{08B68905-C512-423D-AF11-76B4CEC096C0}.Release|x64.Build.0 = Release|x64
		{08B68905-C512-423D-AF11-76B4CEC096C0}.Release|x86.ActiveCfg = Release|Win32
		{08B68905-C512-423D-AF11-76B4CEC096C0}.Release|x86.Build.0 = Release|Win32
		{8FE94F7D-4600-42B5-A25F-24D6B776AF01}.Debug|x64.ActiveCfg = Debug|x64
		{8FE94F7D-4600-42B5-A25F-24D6B776AF01}.Debug|x64.Build.0 = Debug|x64
		{8FE94F7D-4600-42B5-A25F-24D6B776AF01}.Debug|x86.ActiveCfg = Debug|Win32
		{8FE94F7D-4600-42B5-A25F-24D6B776AF01}.Debug|x86.Build.0 = Debug|Win32
		{8FE94F7D-4600-42B5-A25F-24D6B776AF01}.Release|x64.ActiveCfg = Release|x64
		{8FE94F7D-4600-42B5-A25F-24D6B776AF01}.Release|x64.Build.0 = Release|x64
		{8FE94F7D-4600-42B5-A25F-24D6B776AF01}.Release|x86.ActiveCfg = Release|Win32
		{8FE94F7D-4600-42B5-A25F-24D6B776AF01}.Release|x86.Build.0 = Release|Win32
		{4871C04C-DE54-400B-84CF-D4E024EC88E4}.Debug|x64.ActiveCfg = Debug|x64
		{4871C04C-DE54-400B-84CF-D4E024EC88E4}.Debug|x64.Build.0 = Debug|x64
		{4871C04C-DE54-400B-84CF-D4E024EC88E4}.Debug|x86.ActiveCfg = Debug|Win32
		{4871C04C-DE54-400B-84CF-D4E024EC88E4}.Debug|x86.Build.0 = Debug|Win32
		{4871C04C-DE54-400B-84CF-D4E024EC88E4}.Release|x64.ActiveCfg = Release|x64
		{4871C04C-DE54-400B-84CF-D4E024EC88E4}.Release|x64.Build.0 = Release|x64
		{4871C04C-DE54-400B-84CF-D4E024EC88E4}.Release|x86.ActiveCfg = Release|Win32
		{4871C04C-DE54-400B-84CF-D4E024EC88E4}.Release|x86.Build.0 = Release|Win32
		{0C4EDDBE-F67A-4E40-802A-CBB3FE18BAAF}.Debug|x64.ActiveCfg = Debug|x64
		{0C4EDDBE-F67A-4E40-802A-CBB3FE18BAAF}.Debug|x64.Build.0 = Debug|x64
		{0C4EDDBE-F67A-4E40-802A-CBB3FE18BAAF}.Debug|x86.ActiveCfg = Debug|Win32
		{0C4EDDBE-F67A-4E40-802A-CBB3FE18BAAF}.Debug|x86.Build.0 = Debug|Win32
		{0C4EDDBE-F67A-4E40-802A-CBB3FE18BAAF}.Release|x64.ActiveCfg = Release|x64
		{0C4EDDBE-F67A-4E40-802A-CBB3FE18BAAF}.Release|x64.Build.0 = Release|x64
		{0C4EDDBE-F67A-4E40-802A-CBB3FE18BAAF}.Release|x86.ActiveCfg = Release|Win32
		{0C4EDDBE-F67A-4E40-802A-CBB3FE18BAAF}.Release|x86.Build.0 = Release|Win32
		{1CF98331-1459-41EF-8B6D-002955779F37}.Debug|x64.ActiveCfg = Debug|x64
		{1CF98331-1459-41EF-8B6D-002955779F37}.Debug|x64.Build.0 = Debug|x64
		{1CF98331-1459-41EF-8B6D-002955779F37}.Debug|x86.ActiveCfg = Debug|Win32
		{1CF98331-1459-41EF-8B6D-002955779F37}.Debug|x86.Build.0 = Debug|Win32
		{1CF98331-1459-41EF-8B6D-002955779F37}.Release|x64.ActiveCfg = Release|x64
		{1CF98331-1459-41EF-8B6D-002955779F37}.Release|x64.Build.0 = Release|x64
		{1CF98331-1459-41EF-8B6D-002955779F37}.Release|x86.ActiveCfg = Release|Win32
		{1CF98331-1459-41EF-8B6D-002955779F37}.Release|x86.Build.0 = Release|Win32
		{5811C9A3-8678-46B9-8544-DF4E8084900C}.Debug|x64.ActiveCfg = Debug|x64
		{5811C9A3-8678-46B9-8544-DF4E8084900C}.Debug|x64.Build.0 = Debug|x64
		{5811C9A3-8678-46B9-8544-DF4E8084900C}.Debug|x86.ActiveCfg = Debug|Win32
		{5811C9A3-8678-46B9-8544-DF4E8084900C}.Debug|x86.Build.0 = Debug|Win32
		{5811C9A3-8678-46B9-8544-DF4E8084900C}.Release|x64.ActiveCfg = Release|x64
		{5811C9A3-8678-46B9-8544-DF4E8084900C}.Release|x64.Build.0 = Release|x64
		{5811C9A3-8678-46B9-8544-DF4E8084900C}.Release|x86.ActiveCfg = Release|Win32
		{5811C9A3-8678-46B9-8544-DF4E8084900C}.Release|x86.Build.0 = Release|Win32
		{46D1B1D3-7515-4EE4-A4F7-925BA82432BA}.Debug|x64.ActiveCfg = Debug|x64
		{46D1B1D3-7515-4EE4-A4F7-925BA82432BA}.Debug|x64.Build.0 = Debug|x64
		{46D1B1D3-7515-4EE4-A4F7-925BA82432BA}.Debug|x86.ActiveCfg = Debug|Win32
		{46D1B1D3-7515-4EE4-A4F7-925BA82432BA}.Debug|x86.Build.0 = Debug|Win32
		{46D1B1D3-7515-4EE4-A4F7-925BA82432BA}.Release|x64.ActiveCfg = Release|x64
		{46D1B1D3-7515-4EE4-A4F7-925BA82432BA}.Release|x64.Build.0 = Release|x64
		{46D1B1D3-7515-4EE4-A4F7-925BA82432BA}.Release|x86.ActiveCfg = Release|Win32
		{46D1B1D3-7515-4EE4-A4F7-925BA82432BA}.Release|x86.Build.0 = Release|Win32
		{9886C4E3-4274-4752-8BCC-C53CF9FA995F}.Debug|x64.ActiveCfg = Debug|x64
		{9886C4E3-4274-4752-8BCC-C53CF9FA995F}.Debug|x64.Build.0 = Debug|x64
		{9886C4E3-4274-4752-8BCC-C53CF9FA995F}.Debug|x86.ActiveCfg = Debug|Win32
		{9886C4E3-4274-4752-8BCC-C53CF9FA995F}.Debug|x86.Build.0 = Debug|Win32
		{9886C4E3-4274-4752-8BCC-C53CF9FA995F}.Release|x64.ActiveCfg = Release|x64
		{9886C4E3-4274-4752-8BCC-C53CF9FA995F}.Release|x64.Build.0 = Release|x64
		{9886C4E3-4274-4752-8BCC-C53CF9FA995F}.Release|x86.ActiveCfg = Release|Win32
		{9886C4E3-4274-4752-8BCC-C53CF9FA995F}.Release|x86.Build.0 = Release|Win32
		{B401BE76-943A-4BCA-A092-5E07E57DFCAF}.Debug|x64.ActiveCfg = Debug|x64
		{B401BE76-943A-4BCA-A092-5E07E57DFCAF}.Debug|x64.Build.0 = Debug|x64
		{B401BE76-943A-4BCA-A092-5E07E57DFCAF}.Debug|x86.ActiveCfg = Debug|Win32
		{B401BE76-943A-4BCA-A092-5E07E57DFCAF}.Debug|x86.Build.0 = Debug|Win32
		{B401BE76-943A-4BCA-A092-5E07E57DFCAF}.Release|x64.ActiveCfg = Release|x64
		{B401BE76-943A-4BCA-A092-5E07E57DFCAF}.Release|x64.Build.0 = Release|x64
		{B401BE76-943A-4BCA-A092-5E07E57DFCAF}.Release|x86.ActiveCfg = Release|Win32
		{B401BE76-943A-4BCA-A092-5E07E57DFCAF}.Release|x86.Build.0 = Release|Win32
		{BA6D7E0B-9027-4E29-BD33-53C29C950FC5}.Debug|x64.ActiveCfg = Debug|x64
		{BA6D7E0B-9027-4E29-BD33-53C29C950FC5}.Debug|x64.Build.0 = Debug|x64
		{BA6D7E0B-9027-4E29-BD33-53C29C950FC5}.Debug|x86.ActiveCfg = Debug|Win32
		{BA6D7E0B-9027-4E29-BD33-53C29C950FC5}.Debug|x86.Build.0 = Debug|Win32
		{BA6D7E0B-9027-4E29-BD33-53C29C950FC5}.Release|x64.ActiveCfg = Release|x64
		{BA6D7E0B-9027-4E29-BD33-53C29C950FC5}.Release|x64.Build.0 = Release|x64
		{BA6D7E0B-9027-4E29-BD33-53C29C950FC5}.Release|x86.ActiveCfg = Release|Win32
		{BA6D7E0B-9027-4E29-BD33-53C29C950FC5}.Release|x86.Build.0 = Release|Win32
		{DF3BA758-42F2-4814-BD94-EB6F533AB1DD}.Debug|x64.ActiveCfg = Debug|x64
		{DF3BA758-42F2-4814-BD94-EB6F533AB1DD}.Debug|x64.Build.0 = Debug|x64
		{DF3BA758-42F2-4814-BD94-EB6F533AB1DD}.Debug|x86.ActiveCfg = Debug|Win32
		{DF3BA758-42F2-4814-BD94-EB6F533AB1DD}.Debug|x86.Build.0 = Debug|Win32
		{DF3BA758-42F2-4814-BD94-EB6F533AB1DD}.Release|x64.ActiveCfg = Release|x64
		{DF3BA758-42F2-4814-BD94-EB6F533AB1DD}.Release|x64.Build.0 = Release|x64
		{DF3BA758-42F2-4814-BD94-EB6F533AB1DD}.Release|x86.ActiveCfg = Release|Win32
		{DF3BA758-42F2-4814-BD94-EB6F533AB1DD}.Release|x86.Build.0 = Release|Win32
		{85C489F5-FED9-4CCF-A0B1-6772CC5555A1}.Debug|x64.ActiveCfg = Debug|x64
		{85C489F5-FED9-4CCF-A0B1-6772CC5555A1}.Debug|x64.Build.0 = Debug|x64
		{85C489F5-FED9-4CCF-A0B1-6772CC5555A1}.Debug|x86.ActiveCfg = Debug|Win32
		{85C489F5-FED9-4CCF-A0B1-6772CC5555A1}.Debug|x86.Build.0 = Debug|Win32
		{85C489F5-FED9-4CCF-A0B1-6772CC5555A1}.Release|x64.ActiveCfg = Release|x64
		{85C489F5-FED9-4CCF-A0B1-6772CC5555A1}.Release|x64.Build.0 = Release|x64
		{85C489F5-FED9-4CCF-A0B1-6772CC5555A1}.Release|x86.ActiveCfg = Release|Win32
		{85C489F5-FED9-4CCF-A0B1-6772CC5555A1}.Release|x86.Build.0 = Release|Win32
		{F0FF3447-83EA-49CA-BFFE-CC3368274AAF}.Debug|x64.ActiveCfg = Debug|x64
		{F0FF3447-83EA-49CA-BFFE-CC3368274AAF}.Debug|x64.Build.0 = Debug|x64
		{F0FF3447-83EA-49CA-BFFE-CC3368274AAF}.Debug|x86.ActiveCfg = Debug|Win32
		{F0FF3447-83EA-49CA-BFFE-CC3368274AAF}.Debug|x86.Build.0 = Debug|Win32
		{F0FF3447-83EA-49CA-BFFE-CC3368274AAF}.Release|x64.ActiveCfg = Release|x64
		{F0FF3447-83EA-49CA-BFFE-CC3368274AAF}.Release|x64.Build.0 = Release|x64
		{F0FF3447-83EA-49CA-BFFE-CC3368274AAF}.Release|x86.ActiveCfg = Release|Win32
		{F0FF3447-83EA-49CA-BFFE-CC3368274AAF}.Release|x86.Build.0 = Release|Win32
		{BB72481F-524B-4CA8-B6A3-9898C6EF4520}.Debug|x64.ActiveCfg = Debug|x64
		{BB72481F-524B-4CA8-B6A3-9898C6EF4520}.Debug|x64.Build.0 = Debug|x64
		{BB72481F-524B-4CA8-B6A3-9898C6EF4520}.Debug|x86.ActiveCfg = Debug|Win32
		{BB72481F-524B-4CA8-B6A3-9898C6EF4520}.Debug|x86.Build.0 = Debug|Win32
		{BB72481F-524B-4CA8-B6A3-9898C6EF4520}.Release|x64.ActiveCfg = Release|x64
		{BB72481F-524B-4CA8-B6A3-9898C6EF4520}.Release|x64.Build.0 = Release|x64
		{BB72481F-524B-4CA8-B6A3-9898C6EF4520}.Release|x86.ActiveCfg = Release|Win32
		{BB72481F-524B-4CA8-B6A3-9898C6EF4520}.Release|x86.Build.0 = Release|Win32
		{90994871-AF75-426D-8F9D-56EB733D01F6}.Debug|x64.ActiveCfg = Debug|x64
		{90994871-AF75-426D-8F9D-56EB733D01F6}.Debug|x64.Build.0 = Debug|x64
		{90994871-AF75-426D-8F9D-56EB733D01F6}.Debug|x86.ActiveCfg = Debug|Win32
		{90994871-AF75-426D-8F9D-56EB733D01F6}.Debug|x86.Build.0 = Debug|Win32
		{90994871-AF75-426D-8F9D-56EB733D01F6}.Release|x64.ActiveCfg = Release|x64
		{90994871-AF75-426D-8F9D-56EB733D01F6}.Release|x64.Build.0 = Release|x64
		{90994871-AF75-426D-8F9D-56EB733D01F6}.Release|x86.ActiveCfg = Release|Win32
		{90994871-AF75-426D-8F9D-56EB733D01F6}.Release|x86.Build.0 = Release|Win32
		{E1EFBB63-E990-41CB-AC55-FAD03BB96730}.Debug|x64.ActiveCfg = Debug|x64
		{E1EFBB63-E990-41CB-AC55-FAD03BB96730}.Debug|x64.Build.0 = Debug|x64
		{E1EFBB63-E990-41CB-AC55-FAD03BB96730}.Debug|x86.ActiveCfg = Debug|Win32
		{E1EFBB63-E990-41CB-AC55-FAD03BB96730}.Debug|x86.Build.0 = Debug|Win32
		{E1EFBB63-E990-41CB-AC55-FAD03BB96730}.Release|x64.ActiveCfg = Release|x64
		{E1EFBB63-E990-41CB-AC55-FAD03BB96730}.Release|x64.Build.0 = Release|x64
		{E1EFBB63-E990-41CB-AC55-FAD03BB96730}.Release|x86.ActiveCfg = Release|Win32
		{E1EFBB63-E990-41CB-AC55-FAD03BB96730}.Release|x86.Build.0 = Release|Win32
		{D3C20940-5012-4EAB-8F63-5EE0E24C9306}.Debug|x64.ActiveCfg = Debug|x64
		{D3C20940-5012-4EAB-8F63-5EE0E24C9306}.Debug|x64.Build.0 = Debug|x64
		{D3C20940-5012-4EAB-8F63-5EE0E24C9306}.Debug|x86.ActiveCfg = Debug|Win32
		{D3C20940-5012-4EAB-8F63-5EE0E24C9306}.Debug|x86.Build.0 = Debug|Win32
		{D3C20940-5012-4EAB-8F63-5EE0E24C9306}.Release|x64.ActiveCfg = Release|x64
		{D3C20940-5012-4EAB-8F63-5EE0E24C9306}.Release|x64.Build.0 = Release|x64
		{D3C20940-5012-4EAB-8F63-5EE0E24C9306}.Release|x86.ActiveCfg = Release|Win32
		{D3C20940-5012-4EAB-8F63-5EE0E24C9306}.Release|x86.Build.0 = Release|Win32
	EndGlobalSection
	GlobalSection(SolutionProperties) = preSolution
		HideSolutionNode = FALSE
	EndGlobalSection
	GlobalSection(ExtensibilityGlobals) = postSolution
		SolutionGuid = {7CAC4FF5-3C83-45B0-BD16-C01E786A1F96}
	EndGlobalSection
EndGlobal
