
Microsoft Visual Studio Solution File, Format Version 12.00
# Visual Studio Version 16
VisualStudioVersion = 16.0.29926.136
MinimumVisualStudioVersion = 10.0.40219.1
Project("{8BC9CEB8-8B4A-11D0-8D11-00A0C91BC942}") = "미분류", "미분류\미분류.vcxproj", "{09B12285-B5B1-41AA-8A13-D39B7FA405B2}"
EndProject
Project("{8BC9CEB8-8B4A-11D0-8D11-00A0C91BC942}") = "너비 우선 탐색", "너비 우선 탐색\너비 우선 탐색.vcxproj", "{E9E8C14D-E484-4BA5-B2DF-F95112A0C59F}"
EndProject
Project("{8BC9CEB8-8B4A-11D0-8D11-00A0C91BC942}") = "이분 탐색", "이분 탐색\이분 탐색.vcxproj", "{08B68905-C512-423D-AF11-76B4CEC096C0}"
EndProject
Project("{8BC9CEB8-8B4A-11D0-8D11-00A0C91BC942}") = "동적 계획법", "동적 계획법\동적 계획법.vcxproj", "{8FE94F7D-4600-42B5-A25F-24D6B776AF01}"
EndProject
Project("{8BC9CEB8-8B4A-11D0-8D11-00A0C91BC942}") = "최소 신장 트리", "최소 신장 트리\최소 신장 트리.vcxproj", "{4871C04C-DE54-400B-84CF-D4E024EC88E4}"
EndProject
Project("{8BC9CEB8-8B4A-11D0-8D11-00A0C91BC942}") = "그래프 이론", "그래프 이론\그래프 이론.vcxproj", "{0C4EDDBE-F67A-4E40-802A-CBB3FE18BAAF}"
EndProject
Project("{8BC9CEB8-8B4A-11D0-8D11-00A0C91BC942}") = "구현", "구현\구현.vcxproj", "{1CF98331-1459-41EF-8B6D-002955779F37}"
EndProject
Project("{8BC9CEB8-8B4A-11D0-8D11-00A0C91BC942}") = "깊이 우선 탐색", "깊이 우선 탐색\깊이 우선 탐색.vcxproj", "{5811C9A3-8678-46B9-8544-DF4E8084900C}"
EndProject
Project("{8BC9CEB8-8B4A-11D0-8D11-00A0C91BC942}") = "완전 탐색", "완전 탐색\완전 탐색.vcxproj", "{46D1B1D3-7515-4EE4-A4F7-925BA82432BA}"
EndProject
Project("{8BC9CEB8-8B4A-11D0-8D11-00A0C91BC942}") = "시뮬레이션", "시뮬레이션\시뮬레이션.vcxproj", "{9886C4E3-4274-4752-8BCC-C53CF9FA995F}"
EndProject
Project("{8BC9CEB8-8B4A-11D0-8D11-00A0C91BC942}") = "수학", "수학\수학.vcxproj", "{B401BE76-943A-4BCA-A092-5E07E57DFCAF}"
EndProject
Project("{8BC9CEB8-8B4A-11D0-8D11-00A0C91BC942}") = "분리 집합", "분리 집합\분리 집합.vcxproj", "{BA6D7E0B-9027-4E29-BD33-53C29C950FC5}"
EndProject
Project("{8BC9CEB8-8B4A-11D0-8D11-00A0C91BC942}") = "그리디 알고리즘", "그리디 알고리즘\그리디 알고리즘.vcxproj", "{DF3BA758-42F2-4814-BD94-EB6F533AB1DD}"
EndProject
Project("{8BC9CEB8-8B4A-11D0-8D11-00A0C91BC942}") = "두 포인터", "두 포인터\두 포인터.vcxproj", "{85C489F5-FED9-4CCF-A0B1-6772CC5555A1}"
EndProject
Project("{8BC9CEB8-8B4A-11D0-8D11-00A0C91BC942}") = "브루트포스 알고리즘", "브루트포스 알고리즘\브루트포스 알고리즘.vcxproj", "{F0FF3447-83EA-49CA-BFFE-CC3368274AAF}"
EndProject
Project("{8BC9CEB8-8B4A-11D0-8D11-00A0C91BC942}") = "위상 정렬", "위상 정렬\위상 정렬.vcxproj", "{BB72481F-524B-4CA8-B6A3-9898C6EF4520}"
EndProject
Project("{8BC9CEB8-8B4A-11D0-8D11-00A0C91BC942}") = "다익스트라", "다익스트라\다익스트라.vcxproj", "{90994871-AF75-426D-8F9D-56EB733D01F6}"
EndProject
Project("{8BC9CEB8-8B4A-11D0-8D11-00A0C91BC942}") = "비트필드를 이용한 다이나믹 프로그래밍", "비트필드를 이용한 다이나믹 프로그래밍\비트필드를 이용한 다이나믹 프로그래밍.vcxproj", "{E1EFBB63-E990-41CB-AC55-FAD03BB96730}"
EndProject
Project("{8BC9CEB8-8B4A-11D0-8D11-00A0C91BC942}") = "큐", "큐\큐.vcxproj", "{D3C20940-5012-4EAB-8F63-5EE0E24C9306}"
EndProject
Project("{8BC9CEB8-8B4A-11D0-8D11-00A0C91BC942}") = "에라토스테네스의 체", "에라토스테네스의 체\에라토스테네스의 체.vcxproj", "{176337AF-BBE5-451D-B635-278C2E1A4F75}"
EndProject
Project("{8BC9CEB8-8B4A-11D0-8D11-00A0C91BC942}") = "트라이", "트라이\트라이.vcxproj", "{4440FB79-8E15-4E37-8500-ED4B856F81AB}"
EndProject
Project("{8BC9CEB8-8B4A-11D0-8D11-00A0C91BC942}") = "희소 배열", "희소 배열\희소 배열.vcxproj", "{89934A93-4400-417C-9893-479082E08D7B}"
EndProject
Project("{8BC9CEB8-8B4A-11D0-8D11-00A0C91BC942}") = "최소 공통 조상", "최소 공통 조상\최소 공통 조상.vcxproj", "{7EDFF6BF-5A50-4838-99BA-9CD64A51A39E}"
EndProject
Project("{8BC9CEB8-8B4A-11D0-8D11-00A0C91BC942}") = "병렬 이분 탐색", "병렬 이분 탐색\병렬 이분 탐색.vcxproj", "{2AAFF000-C7B3-45B0-943C-E8696F891B00}"
EndProject
Project("{8BC9CEB8-8B4A-11D0-8D11-00A0C91BC942}") = "세그먼트 트리", "세그먼트 트리\세그먼트 트리.vcxproj", "{3D6BFB15-EAA1-4602-A80A-8214375F45E1}"
EndProject
Project("{8BC9CEB8-8B4A-11D0-8D11-00A0C91BC942}") = "우선순위 큐", "우선순위 큐\우선순위 큐.vcxproj", "{0B325A01-116E-4158-95E6-061D554592E6}"
EndProject
Project("{8BC9CEB8-8B4A-11D0-8D11-00A0C91BC942}") = "분할 정복", "분할 정복\분할 정복.vcxproj", "{6D03C260-B368-4024-B817-5117B780E8D8}"
EndProject
Project("{8BC9CEB8-8B4A-11D0-8D11-00A0C91BC942}") = "슬라이딩 윈도우", "슬라이딩 윈도우\슬라이딩 윈도우.vcxproj", "{34B87156-BEF3-4068-A7C0-E0ECCF64480C}"
EndProject
Project("{8BC9CEB8-8B4A-11D0-8D11-00A0C91BC942}") = "덱", "덱\덱.vcxproj", "{17A0CFCB-52C2-4EB8-A020-93014613F66E}"
EndProject
Project("{8BC9CEB8-8B4A-11D0-8D11-00A0C91BC942}") = "이분 매칭", "이분 매칭\이분 매칭.vcxproj", "{1B1527D8-C690-43B3-9E39-9047A9631A92}"
EndProject
Project("{8BC9CEB8-8B4A-11D0-8D11-00A0C91BC942}") = "플로이드–워셜", "플로이드–워셜\플로이드–워셜.vcxproj", "{8818F4F0-D68A-4F5F-BB65-F03417071620}"
EndProject
Project("{8BC9CEB8-8B4A-11D0-8D11-00A0C91BC942}") = "벨만–포드", "벨만–포드\벨만–포드.vcxproj", "{B3522C0C-009A-47F6-B866-5B1EDB63B0D8}"
EndProject
Project("{8BC9CEB8-8B4A-11D0-8D11-00A0C91BC942}") = "단절점과 단절선", "단절점과 단절선\단절점과 단절선.vcxproj", "{35B94957-DC1B-4462-AE60-CA0E37E4637F}"
EndProject
Project("{8BC9CEB8-8B4A-11D0-8D11-00A0C91BC942}") = "강한 연결 요소", "강한 연결 요소\강한 연결 요소.vcxproj", "{A992ECF4-98C8-4C22-967E-751ACC569725}"
EndProject
Project("{8BC9CEB8-8B4A-11D0-8D11-00A0C91BC942}") = "스택", "스택\스택.vcxproj", "{906A3B8A-FC11-440D-BCEE-1A6DF23F535D}"
EndProject
Project("{8BC9CEB8-8B4A-11D0-8D11-00A0C91BC942}") = "기하학", "기하학\기하학.vcxproj", "{BDD9BCB9-FCE7-49FA-BE34-5DCFFDE5DC8D}"
EndProject
Project("{8BC9CEB8-8B4A-11D0-8D11-00A0C91BC942}") = "최대 유량", "최대 유량\최대 유량.vcxproj", "{55048D45-EF91-4FC5-B574-067EAFBDC8E1}"
EndProject
Project("{8BC9CEB8-8B4A-11D0-8D11-00A0C91BC942}") = "문자열", "문자열\문자열.vcxproj", "{DC56B5A7-9542-4199-B5AA-EF6F891CD39B}"
EndProject
Project("{8BC9CEB8-8B4A-11D0-8D11-00A0C91BC942}") = "분할 정복을 이용한 거듭제곱", "분할 정복을 이용한 거듭제곱\분할 정복을 이용한 거듭제곱.vcxproj", "{2AA89A1C-5B04-46CA-8244-BFCFB3B95BBC}"
EndProject
Project("{8BC9CEB8-8B4A-11D0-8D11-00A0C91BC942}") = "재귀", "재귀\재귀.vcxproj", "{F245DEAD-7B29-4827-A548-6631D3AF1A37}"
EndProject
Project("{8BC9CEB8-8B4A-11D0-8D11-00A0C91BC942}") = "유클리드 호제법", "유클리드 호제법\유클리드 호제법.vcxproj", "{C09DD151-9DF6-4138-9A1F-91E84CF5C086}"
EndProject
Project("{8BC9CEB8-8B4A-11D0-8D11-00A0C91BC942}") = "스위핑", "스위핑\스위핑.vcxproj", "{CEEEE0E8-DD43-48CC-8FA8-1E89CF4869F9}"
EndProject
Project("{8BC9CEB8-8B4A-11D0-8D11-00A0C91BC942}") = "선분 교차 판정", "선분 교차 판정\선분 교차 판정.vcxproj", "{C86CA390-0A8C-4031-BBC9-03B4E5623212}"
EndProject
Project("{8BC9CEB8-8B4A-11D0-8D11-00A0C91BC942}") = "가장 긴 증가하는 부분 수열 o(n log n)", "가장 긴 증가하는 부분 수열 o(n log n)\가장 긴 증가하는 부분 수열 o(n log n).vcxproj", "{FCCBCAC2-F1AD-4106-B443-3326A62502FB}"
EndProject
Project("{8BC9CEB8-8B4A-11D0-8D11-00A0C91BC942}") = "kmp", "kmp\kmp.vcxproj", "{0CFC8FA5-57D2-4DB3-9547-32724A10BDF8}"
EndProject
Project("{8BC9CEB8-8B4A-11D0-8D11-00A0C91BC942}") = "볼록 껍질", "볼록 껍질\볼록 껍질.vcxproj", "{859A20ED-F414-4878-A40E-E4993819EBFF}"
EndProject
Project("{8BC9CEB8-8B4A-11D0-8D11-00A0C91BC942}") = "모듈로 곱셈 역원", "모듈로 곱셈 역원\모듈로 곱셈 역원.vcxproj", "{43C68526-B9FE-4099-92F8-AB33D5C5A096}"
EndProject
Project("{8BC9CEB8-8B4A-11D0-8D11-00A0C91BC942}") = "누적 합", "누적 합\누적 합.vcxproj", "{74CF44D6-41B9-486A-96A3-836680395865}"
EndProject
Project("{8BC9CEB8-8B4A-11D0-8D11-00A0C91BC942}") = "이분 그래프", "이분 그래프\이분 그래프.vcxproj", "{87C64FF8-EF39-4EBC-9B1F-40F3A8C234DD}"
EndProject
Project("{8BC9CEB8-8B4A-11D0-8D11-00A0C91BC942}") = "백트래킹", "백트래킹\백트래킹.vcxproj", "{65CC67D0-1DC5-4879-AD03-579084D1420E}"
EndProject
Project("{8BC9CEB8-8B4A-11D0-8D11-00A0C91BC942}") = "이중 연결 요소", "이중 연결 요소\이중 연결 요소.vcxproj", "{526F1822-6C08-416F-B686-147960619A86}"
EndProject
Project("{8BC9CEB8-8B4A-11D0-8D11-00A0C91BC942}") = "2-sat", "2-sat\2-sat.vcxproj", "{0C0FA73C-4FD2-4E4E-B16C-3F374F7FDC3B}"
EndProject
Project("{8BC9CEB8-8B4A-11D0-8D11-00A0C91BC942}") = "덱을 이용한 구간 최댓값 트릭", "덱을 이용한 구간 최댓값 트릭\덱을 이용한 구간 최댓값 트릭.vcxproj", "{DC7F0AE5-5905-42E7-B6F2-226E49BF9D4D}"
EndProject
Project("{8BC9CEB8-8B4A-11D0-8D11-00A0C91BC942}") = "파싱", "파싱\파싱.vcxproj", "{5AB3D001-985E-4603-94D8-3F5ECE89F3F0}"
EndProject
Global
	GlobalSection(SolutionConfigurationPlatforms) = preSolution
		Debug|x64 = Debug|x64
		Debug|x86 = Debug|x86
		Release|x64 = Release|x64
		Release|x86 = Release|x86
	EndGlobalSection
	GlobalSection(ProjectConfigurationPlatforms) = postSolution
		{09B12285-B5B1-41AA-8A13-D39B7FA405B2}.Debug|x64.ActiveCfg = Debug|x64
		{09B12285-B5B1-41AA-8A13-D39B7FA405B2}.Debug|x64.Build.0 = Debug|x64
		{09B12285-B5B1-41AA-8A13-D39B7FA405B2}.Debug|x86.ActiveCfg = Debug|Win32
		{09B12285-B5B1-41AA-8A13-D39B7FA405B2}.Debug|x86.Build.0 = Debug|Win32
		{09B12285-B5B1-41AA-8A13-D39B7FA405B2}.Release|x64.ActiveCfg = Release|x64
		{09B12285-B5B1-41AA-8A13-D39B7FA405B2}.Release|x64.Build.0 = Release|x64
		{09B12285-B5B1-41AA-8A13-D39B7FA405B2}.Release|x86.ActiveCfg = Release|Win32
		{09B12285-B5B1-41AA-8A13-D39B7FA405B2}.Release|x86.Build.0 = Release|Win32
		{E9E8C14D-E484-4BA5-B2DF-F95112A0C59F}.Debug|x64.ActiveCfg = Debug|x64
		{E9E8C14D-E484-4BA5-B2DF-F95112A0C59F}.Debug|x64.Build.0 = Debug|x64
		{E9E8C14D-E484-4BA5-B2DF-F95112A0C59F}.Debug|x86.ActiveCfg = Debug|Win32
		{E9E8C14D-E484-4BA5-B2DF-F95112A0C59F}.Debug|x86.Build.0 = Debug|Win32
		{E9E8C14D-E484-4BA5-B2DF-F95112A0C59F}.Release|x64.ActiveCfg = Release|x64
		{E9E8C14D-E484-4BA5-B2DF-F95112A0C59F}.Release|x64.Build.0 = Release|x64
		{E9E8C14D-E484-4BA5-B2DF-F95112A0C59F}.Release|x86.ActiveCfg = Release|Win32
		{E9E8C14D-E484-4BA5-B2DF-F95112A0C59F}.Release|x86.Build.0 = Release|Win32
		{08B68905-C512-423D-AF11-76B4CEC096C0}.Debug|x64.ActiveCfg = Debug|x64
		{08B68905-C512-423D-AF11-76B4CEC096C0}.Debug|x64.Build.0 = Debug|x64
		{08B68905-C512-423D-AF11-76B4CEC096C0}.Debug|x86.ActiveCfg = Debug|Win32
		{08B68905-C512-423D-AF11-76B4CEC096C0}.Debug|x86.Build.0 = Debug|Win32
		{08B68905-C512-423D-AF11-76B4CEC096C0}.Release|x64.ActiveCfg = Release|x64
		{08B68905-C512-423D-AF11-76B4CEC096C0}.Release|x64.Build.0 = Release|x64
		{08B68905-C512-423D-AF11-76B4CEC096C0}.Release|x86.ActiveCfg = Release|Win32
		{08B68905-C512-423D-AF11-76B4CEC096C0}.Release|x86.Build.0 = Release|Win32
		{8FE94F7D-4600-42B5-A25F-24D6B776AF01}.Debug|x64.ActiveCfg = Debug|x64
		{8FE94F7D-4600-42B5-A25F-24D6B776AF01}.Debug|x64.Build.0 = Debug|x64
		{8FE94F7D-4600-42B5-A25F-24D6B776AF01}.Debug|x86.ActiveCfg = Debug|Win32
		{8FE94F7D-4600-42B5-A25F-24D6B776AF01}.Debug|x86.Build.0 = Debug|Win32
		{8FE94F7D-4600-42B5-A25F-24D6B776AF01}.Release|x64.ActiveCfg = Release|x64
		{8FE94F7D-4600-42B5-A25F-24D6B776AF01}.Release|x64.Build.0 = Release|x64
		{8FE94F7D-4600-42B5-A25F-24D6B776AF01}.Release|x86.ActiveCfg = Release|Win32
		{8FE94F7D-4600-42B5-A25F-24D6B776AF01}.Release|x86.Build.0 = Release|Win32
		{4871C04C-DE54-400B-84CF-D4E024EC88E4}.Debug|x64.ActiveCfg = Debug|x64
		{4871C04C-DE54-400B-84CF-D4E024EC88E4}.Debug|x64.Build.0 = Debug|x64
		{4871C04C-DE54-400B-84CF-D4E024EC88E4}.Debug|x86.ActiveCfg = Debug|Win32
		{4871C04C-DE54-400B-84CF-D4E024EC88E4}.Debug|x86.Build.0 = Debug|Win32
		{4871C04C-DE54-400B-84CF-D4E024EC88E4}.Release|x64.ActiveCfg = Release|x64
		{4871C04C-DE54-400B-84CF-D4E024EC88E4}.Release|x64.Build.0 = Release|x64
		{4871C04C-DE54-400B-84CF-D4E024EC88E4}.Release|x86.ActiveCfg = Release|Win32
		{4871C04C-DE54-400B-84CF-D4E024EC88E4}.Release|x86.Build.0 = Release|Win32
		{0C4EDDBE-F67A-4E40-802A-CBB3FE18BAAF}.Debug|x64.ActiveCfg = Debug|x64
		{0C4EDDBE-F67A-4E40-802A-CBB3FE18BAAF}.Debug|x64.Build.0 = Debug|x64
		{0C4EDDBE-F67A-4E40-802A-CBB3FE18BAAF}.Debug|x86.ActiveCfg = Debug|Win32
		{0C4EDDBE-F67A-4E40-802A-CBB3FE18BAAF}.Debug|x86.Build.0 = Debug|Win32
		{0C4EDDBE-F67A-4E40-802A-CBB3FE18BAAF}.Release|x64.ActiveCfg = Release|x64
		{0C4EDDBE-F67A-4E40-802A-CBB3FE18BAAF}.Release|x64.Build.0 = Release|x64
		{0C4EDDBE-F67A-4E40-802A-CBB3FE18BAAF}.Release|x86.ActiveCfg = Release|Win32
		{0C4EDDBE-F67A-4E40-802A-CBB3FE18BAAF}.Release|x86.Build.0 = Release|Win32
		{1CF98331-1459-41EF-8B6D-002955779F37}.Debug|x64.ActiveCfg = Debug|x64
		{1CF98331-1459-41EF-8B6D-002955779F37}.Debug|x64.Build.0 = Debug|x64
		{1CF98331-1459-41EF-8B6D-002955779F37}.Debug|x86.ActiveCfg = Debug|Win32
		{1CF98331-1459-41EF-8B6D-002955779F37}.Debug|x86.Build.0 = Debug|Win32
		{1CF98331-1459-41EF-8B6D-002955779F37}.Release|x64.ActiveCfg = Release|x64
		{1CF98331-1459-41EF-8B6D-002955779F37}.Release|x64.Build.0 = Release|x64
		{1CF98331-1459-41EF-8B6D-002955779F37}.Release|x86.ActiveCfg = Release|Win32
		{1CF98331-1459-41EF-8B6D-002955779F37}.Release|x86.Build.0 = Release|Win32
		{5811C9A3-8678-46B9-8544-DF4E8084900C}.Debug|x64.ActiveCfg = Debug|x64
		{5811C9A3-8678-46B9-8544-DF4E8084900C}.Debug|x64.Build.0 = Debug|x64
		{5811C9A3-8678-46B9-8544-DF4E8084900C}.Debug|x86.ActiveCfg = Debug|Win32
		{5811C9A3-8678-46B9-8544-DF4E8084900C}.Debug|x86.Build.0 = Debug|Win32
		{5811C9A3-8678-46B9-8544-DF4E8084900C}.Release|x64.ActiveCfg = Release|x64
		{5811C9A3-8678-46B9-8544-DF4E8084900C}.Release|x64.Build.0 = Release|x64
		{5811C9A3-8678-46B9-8544-DF4E8084900C}.Release|x86.ActiveCfg = Release|Win32
		{5811C9A3-8678-46B9-8544-DF4E8084900C}.Release|x86.Build.0 = Release|Win32
		{46D1B1D3-7515-4EE4-A4F7-925BA82432BA}.Debug|x64.ActiveCfg = Debug|x64
		{46D1B1D3-7515-4EE4-A4F7-925BA82432BA}.Debug|x64.Build.0 = Debug|x64
		{46D1B1D3-7515-4EE4-A4F7-925BA82432BA}.Debug|x86.ActiveCfg = Debug|Win32
		{46D1B1D3-7515-4EE4-A4F7-925BA82432BA}.Debug|x86.Build.0 = Debug|Win32
		{46D1B1D3-7515-4EE4-A4F7-925BA82432BA}.Release|x64.ActiveCfg = Release|x64
		{46D1B1D3-7515-4EE4-A4F7-925BA82432BA}.Release|x64.Build.0 = Release|x64
		{46D1B1D3-7515-4EE4-A4F7-925BA82432BA}.Release|x86.ActiveCfg = Release|Win32
		{46D1B1D3-7515-4EE4-A4F7-925BA82432BA}.Release|x86.Build.0 = Release|Win32
		{9886C4E3-4274-4752-8BCC-C53CF9FA995F}.Debug|x64.ActiveCfg = Debug|x64
		{9886C4E3-4274-4752-8BCC-C53CF9FA995F}.Debug|x64.Build.0 = Debug|x64
		{9886C4E3-4274-4752-8BCC-C53CF9FA995F}.Debug|x86.ActiveCfg = Debug|Win32
		{9886C4E3-4274-4752-8BCC-C53CF9FA995F}.Debug|x86.Build.0 = Debug|Win32
		{9886C4E3-4274-4752-8BCC-C53CF9FA995F}.Release|x64.ActiveCfg = Release|x64
		{9886C4E3-4274-4752-8BCC-C53CF9FA995F}.Release|x64.Build.0 = Release|x64
		{9886C4E3-4274-4752-8BCC-C53CF9FA995F}.Release|x86.ActiveCfg = Release|Win32
		{9886C4E3-4274-4752-8BCC-C53CF9FA995F}.Release|x86.Build.0 = Release|Win32
		{B401BE76-943A-4BCA-A092-5E07E57DFCAF}.Debug|x64.ActiveCfg = Debug|x64
		{B401BE76-943A-4BCA-A092-5E07E57DFCAF}.Debug|x64.Build.0 = Debug|x64
		{B401BE76-943A-4BCA-A092-5E07E57DFCAF}.Debug|x86.ActiveCfg = Debug|Win32
		{B401BE76-943A-4BCA-A092-5E07E57DFCAF}.Debug|x86.Build.0 = Debug|Win32
		{B401BE76-943A-4BCA-A092-5E07E57DFCAF}.Release|x64.ActiveCfg = Release|x64
		{B401BE76-943A-4BCA-A092-5E07E57DFCAF}.Release|x64.Build.0 = Release|x64
		{B401BE76-943A-4BCA-A092-5E07E57DFCAF}.Release|x86.ActiveCfg = Release|Win32
		{B401BE76-943A-4BCA-A092-5E07E57DFCAF}.Release|x86.Build.0 = Release|Win32
		{BA6D7E0B-9027-4E29-BD33-53C29C950FC5}.Debug|x64.ActiveCfg = Debug|x64
		{BA6D7E0B-9027-4E29-BD33-53C29C950FC5}.Debug|x64.Build.0 = Debug|x64
		{BA6D7E0B-9027-4E29-BD33-53C29C950FC5}.Debug|x86.ActiveCfg = Debug|Win32
		{BA6D7E0B-9027-4E29-BD33-53C29C950FC5}.Debug|x86.Build.0 = Debug|Win32
		{BA6D7E0B-9027-4E29-BD33-53C29C950FC5}.Release|x64.ActiveCfg = Release|x64
		{BA6D7E0B-9027-4E29-BD33-53C29C950FC5}.Release|x64.Build.0 = Release|x64
		{BA6D7E0B-9027-4E29-BD33-53C29C950FC5}.Release|x86.ActiveCfg = Release|Win32
		{BA6D7E0B-9027-4E29-BD33-53C29C950FC5}.Release|x86.Build.0 = Release|Win32
		{DF3BA758-42F2-4814-BD94-EB6F533AB1DD}.Debug|x64.ActiveCfg = Debug|x64
		{DF3BA758-42F2-4814-BD94-EB6F533AB1DD}.Debug|x64.Build.0 = Debug|x64
		{DF3BA758-42F2-4814-BD94-EB6F533AB1DD}.Debug|x86.ActiveCfg = Debug|Win32
		{DF3BA758-42F2-4814-BD94-EB6F533AB1DD}.Debug|x86.Build.0 = Debug|Win32
		{DF3BA758-42F2-4814-BD94-EB6F533AB1DD}.Release|x64.ActiveCfg = Release|x64
		{DF3BA758-42F2-4814-BD94-EB6F533AB1DD}.Release|x64.Build.0 = Release|x64
		{DF3BA758-42F2-4814-BD94-EB6F533AB1DD}.Release|x86.ActiveCfg = Release|Win32
		{DF3BA758-42F2-4814-BD94-EB6F533AB1DD}.Release|x86.Build.0 = Release|Win32
		{85C489F5-FED9-4CCF-A0B1-6772CC5555A1}.Debug|x64.ActiveCfg = Debug|x64
		{85C489F5-FED9-4CCF-A0B1-6772CC5555A1}.Debug|x64.Build.0 = Debug|x64
		{85C489F5-FED9-4CCF-A0B1-6772CC5555A1}.Debug|x86.ActiveCfg = Debug|Win32
		{85C489F5-FED9-4CCF-A0B1-6772CC5555A1}.Debug|x86.Build.0 = Debug|Win32
		{85C489F5-FED9-4CCF-A0B1-6772CC5555A1}.Release|x64.ActiveCfg = Release|x64
		{85C489F5-FED9-4CCF-A0B1-6772CC5555A1}.Release|x64.Build.0 = Release|x64
		{85C489F5-FED9-4CCF-A0B1-6772CC5555A1}.Release|x86.ActiveCfg = Release|Win32
		{85C489F5-FED9-4CCF-A0B1-6772CC5555A1}.Release|x86.Build.0 = Release|Win32
		{F0FF3447-83EA-49CA-BFFE-CC3368274AAF}.Debug|x64.ActiveCfg = Debug|x64
		{F0FF3447-83EA-49CA-BFFE-CC3368274AAF}.Debug|x64.Build.0 = Debug|x64
		{F0FF3447-83EA-49CA-BFFE-CC3368274AAF}.Debug|x86.ActiveCfg = Debug|Win32
		{F0FF3447-83EA-49CA-BFFE-CC3368274AAF}.Debug|x86.Build.0 = Debug|Win32
		{F0FF3447-83EA-49CA-BFFE-CC3368274AAF}.Release|x64.ActiveCfg = Release|x64
		{F0FF3447-83EA-49CA-BFFE-CC3368274AAF}.Release|x64.Build.0 = Release|x64
		{F0FF3447-83EA-49CA-BFFE-CC3368274AAF}.Release|x86.ActiveCfg = Release|Win32
		{F0FF3447-83EA-49CA-BFFE-CC3368274AAF}.Release|x86.Build.0 = Release|Win32
		{BB72481F-524B-4CA8-B6A3-9898C6EF4520}.Debug|x64.ActiveCfg = Debug|x64
		{BB72481F-524B-4CA8-B6A3-9898C6EF4520}.Debug|x64.Build.0 = Debug|x64
		{BB72481F-524B-4CA8-B6A3-9898C6EF4520}.Debug|x86.ActiveCfg = Debug|Win32
		{BB72481F-524B-4CA8-B6A3-9898C6EF4520}.Debug|x86.Build.0 = Debug|Win32
		{BB72481F-524B-4CA8-B6A3-9898C6EF4520}.Release|x64.ActiveCfg = Release|x64
		{BB72481F-524B-4CA8-B6A3-9898C6EF4520}.Release|x64.Build.0 = Release|x64
		{BB72481F-524B-4CA8-B6A3-9898C6EF4520}.Release|x86.ActiveCfg = Release|Win32
		{BB72481F-524B-4CA8-B6A3-9898C6EF4520}.Release|x86.Build.0 = Release|Win32
		{90994871-AF75-426D-8F9D-56EB733D01F6}.Debug|x64.ActiveCfg = Debug|x64
		{90994871-AF75-426D-8F9D-56EB733D01F6}.Debug|x64.Build.0 = Debug|x64
		{90994871-AF75-426D-8F9D-56EB733D01F6}.Debug|x86.ActiveCfg = Debug|Win32
		{90994871-AF75-426D-8F9D-56EB733D01F6}.Debug|x86.Build.0 = Debug|Win32
		{90994871-AF75-426D-8F9D-56EB733D01F6}.Release|x64.ActiveCfg = Release|x64
		{90994871-AF75-426D-8F9D-56EB733D01F6}.Release|x64.Build.0 = Release|x64
		{90994871-AF75-426D-8F9D-56EB733D01F6}.Release|x86.ActiveCfg = Release|Win32
		{90994871-AF75-426D-8F9D-56EB733D01F6}.Release|x86.Build.0 = Release|Win32
		{E1EFBB63-E990-41CB-AC55-FAD03BB96730}.Debug|x64.ActiveCfg = Debug|x64
		{E1EFBB63-E990-41CB-AC55-FAD03BB96730}.Debug|x64.Build.0 = Debug|x64
		{E1EFBB63-E990-41CB-AC55-FAD03BB96730}.Debug|x86.ActiveCfg = Debug|Win32
		{E1EFBB63-E990-41CB-AC55-FAD03BB96730}.Debug|x86.Build.0 = Debug|Win32
		{E1EFBB63-E990-41CB-AC55-FAD03BB96730}.Release|x64.ActiveCfg = Release|x64
		{E1EFBB63-E990-41CB-AC55-FAD03BB96730}.Release|x64.Build.0 = Release|x64
		{E1EFBB63-E990-41CB-AC55-FAD03BB96730}.Release|x86.ActiveCfg = Release|Win32
		{E1EFBB63-E990-41CB-AC55-FAD03BB96730}.Release|x86.Build.0 = Release|Win32
		{D3C20940-5012-4EAB-8F63-5EE0E24C9306}.Debug|x64.ActiveCfg = Debug|x64
		{D3C20940-5012-4EAB-8F63-5EE0E24C9306}.Debug|x64.Build.0 = Debug|x64
		{D3C20940-5012-4EAB-8F63-5EE0E24C9306}.Debug|x86.ActiveCfg = Debug|Win32
		{D3C20940-5012-4EAB-8F63-5EE0E24C9306}.Debug|x86.Build.0 = Debug|Win32
		{D3C20940-5012-4EAB-8F63-5EE0E24C9306}.Release|x64.ActiveCfg = Release|x64
		{D3C20940-5012-4EAB-8F63-5EE0E24C9306}.Release|x64.Build.0 = Release|x64
		{D3C20940-5012-4EAB-8F63-5EE0E24C9306}.Release|x86.ActiveCfg = Release|Win32
		{D3C20940-5012-4EAB-8F63-5EE0E24C9306}.Release|x86.Build.0 = Release|Win32
		{176337AF-BBE5-451D-B635-278C2E1A4F75}.Debug|x64.ActiveCfg = Debug|x64
		{176337AF-BBE5-451D-B635-278C2E1A4F75}.Debug|x64.Build.0 = Debug|x64
		{176337AF-BBE5-451D-B635-278C2E1A4F75}.Debug|x86.ActiveCfg = Debug|Win32
		{176337AF-BBE5-451D-B635-278C2E1A4F75}.Debug|x86.Build.0 = Debug|Win32
		{176337AF-BBE5-451D-B635-278C2E1A4F75}.Release|x64.ActiveCfg = Release|x64
		{176337AF-BBE5-451D-B635-278C2E1A4F75}.Release|x64.Build.0 = Release|x64
		{176337AF-BBE5-451D-B635-278C2E1A4F75}.Release|x86.ActiveCfg = Release|Win32
		{176337AF-BBE5-451D-B635-278C2E1A4F75}.Release|x86.Build.0 = Release|Win32
		{4440FB79-8E15-4E37-8500-ED4B856F81AB}.Debug|x64.ActiveCfg = Debug|x64
		{4440FB79-8E15-4E37-8500-ED4B856F81AB}.Debug|x64.Build.0 = Debug|x64
		{4440FB79-8E15-4E37-8500-ED4B856F81AB}.Debug|x86.ActiveCfg = Debug|Win32
		{4440FB79-8E15-4E37-8500-ED4B856F81AB}.Debug|x86.Build.0 = Debug|Win32
		{4440FB79-8E15-4E37-8500-ED4B856F81AB}.Release|x64.ActiveCfg = Release|x64
		{4440FB79-8E15-4E37-8500-ED4B856F81AB}.Release|x64.Build.0 = Release|x64
		{4440FB79-8E15-4E37-8500-ED4B856F81AB}.Release|x86.ActiveCfg = Release|Win32
		{4440FB79-8E15-4E37-8500-ED4B856F81AB}.Release|x86.Build.0 = Release|Win32
		{89934A93-4400-417C-9893-479082E08D7B}.Debug|x64.ActiveCfg = Debug|x64
		{89934A93-4400-417C-9893-479082E08D7B}.Debug|x64.Build.0 = Debug|x64
		{89934A93-4400-417C-9893-479082E08D7B}.Debug|x86.ActiveCfg = Debug|Win32
		{89934A93-4400-417C-9893-479082E08D7B}.Debug|x86.Build.0 = Debug|Win32
		{89934A93-4400-417C-9893-479082E08D7B}.Release|x64.ActiveCfg = Release|x64
		{89934A93-4400-417C-9893-479082E08D7B}.Release|x64.Build.0 = Release|x64
		{89934A93-4400-417C-9893-479082E08D7B}.Release|x86.ActiveCfg = Release|Win32
		{89934A93-4400-417C-9893-479082E08D7B}.Release|x86.Build.0 = Release|Win32
		{7EDFF6BF-5A50-4838-99BA-9CD64A51A39E}.Debug|x64.ActiveCfg = Debug|x64
		{7EDFF6BF-5A50-4838-99BA-9CD64A51A39E}.Debug|x64.Build.0 = Debug|x64
		{7EDFF6BF-5A50-4838-99BA-9CD64A51A39E}.Debug|x86.ActiveCfg = Debug|Win32
		{7EDFF6BF-5A50-4838-99BA-9CD64A51A39E}.Debug|x86.Build.0 = Debug|Win32
		{7EDFF6BF-5A50-4838-99BA-9CD64A51A39E}.Release|x64.ActiveCfg = Release|x64
		{7EDFF6BF-5A50-4838-99BA-9CD64A51A39E}.Release|x64.Build.0 = Release|x64
		{7EDFF6BF-5A50-4838-99BA-9CD64A51A39E}.Release|x86.ActiveCfg = Release|Win32
		{7EDFF6BF-5A50-4838-99BA-9CD64A51A39E}.Release|x86.Build.0 = Release|Win32
		{2AAFF000-C7B3-45B0-943C-E8696F891B00}.Debug|x64.ActiveCfg = Debug|x64
		{2AAFF000-C7B3-45B0-943C-E8696F891B00}.Debug|x64.Build.0 = Debug|x64
		{2AAFF000-C7B3-45B0-943C-E8696F891B00}.Debug|x86.ActiveCfg = Debug|Win32
		{2AAFF000-C7B3-45B0-943C-E8696F891B00}.Debug|x86.Build.0 = Debug|Win32
		{2AAFF000-C7B3-45B0-943C-E8696F891B00}.Release|x64.ActiveCfg = Release|x64
		{2AAFF000-C7B3-45B0-943C-E8696F891B00}.Release|x64.Build.0 = Release|x64
		{2AAFF000-C7B3-45B0-943C-E8696F891B00}.Release|x86.ActiveCfg = Release|Win32
		{2AAFF000-C7B3-45B0-943C-E8696F891B00}.Release|x86.Build.0 = Release|Win32
		{3D6BFB15-EAA1-4602-A80A-8214375F45E1}.Debug|x64.ActiveCfg = Debug|x64
		{3D6BFB15-EAA1-4602-A80A-8214375F45E1}.Debug|x64.Build.0 = Debug|x64
		{3D6BFB15-EAA1-4602-A80A-8214375F45E1}.Debug|x86.ActiveCfg = Debug|Win32
		{3D6BFB15-EAA1-4602-A80A-8214375F45E1}.Debug|x86.Build.0 = Debug|Win32
		{3D6BFB15-EAA1-4602-A80A-8214375F45E1}.Release|x64.ActiveCfg = Release|x64
		{3D6BFB15-EAA1-4602-A80A-8214375F45E1}.Release|x64.Build.0 = Release|x64
		{3D6BFB15-EAA1-4602-A80A-8214375F45E1}.Release|x86.ActiveCfg = Release|Win32
		{3D6BFB15-EAA1-4602-A80A-8214375F45E1}.Release|x86.Build.0 = Release|Win32
		{0B325A01-116E-4158-95E6-061D554592E6}.Debug|x64.ActiveCfg = Debug|x64
		{0B325A01-116E-4158-95E6-061D554592E6}.Debug|x64.Build.0 = Debug|x64
		{0B325A01-116E-4158-95E6-061D554592E6}.Debug|x86.ActiveCfg = Debug|Win32
		{0B325A01-116E-4158-95E6-061D554592E6}.Debug|x86.Build.0 = Debug|Win32
		{0B325A01-116E-4158-95E6-061D554592E6}.Release|x64.ActiveCfg = Release|x64
		{0B325A01-116E-4158-95E6-061D554592E6}.Release|x64.Build.0 = Release|x64
		{0B325A01-116E-4158-95E6-061D554592E6}.Release|x86.ActiveCfg = Release|Win32
		{0B325A01-116E-4158-95E6-061D554592E6}.Release|x86.Build.0 = Release|Win32
		{6D03C260-B368-4024-B817-5117B780E8D8}.Debug|x64.ActiveCfg = Debug|x64
		{6D03C260-B368-4024-B817-5117B780E8D8}.Debug|x64.Build.0 = Debug|x64
		{6D03C260-B368-4024-B817-5117B780E8D8}.Debug|x86.ActiveCfg = Debug|Win32
		{6D03C260-B368-4024-B817-5117B780E8D8}.Debug|x86.Build.0 = Debug|Win32
		{6D03C260-B368-4024-B817-5117B780E8D8}.Release|x64.ActiveCfg = Release|x64
		{6D03C260-B368-4024-B817-5117B780E8D8}.Release|x64.Build.0 = Release|x64
		{6D03C260-B368-4024-B817-5117B780E8D8}.Release|x86.ActiveCfg = Release|Win32
		{6D03C260-B368-4024-B817-5117B780E8D8}.Release|x86.Build.0 = Release|Win32
		{34B87156-BEF3-4068-A7C0-E0ECCF64480C}.Debug|x64.ActiveCfg = Debug|x64
		{34B87156-BEF3-4068-A7C0-E0ECCF64480C}.Debug|x64.Build.0 = Debug|x64
		{34B87156-BEF3-4068-A7C0-E0ECCF64480C}.Debug|x86.ActiveCfg = Debug|Win32
		{34B87156-BEF3-4068-A7C0-E0ECCF64480C}.Debug|x86.Build.0 = Debug|Win32
		{34B87156-BEF3-4068-A7C0-E0ECCF64480C}.Release|x64.ActiveCfg = Release|x64
		{34B87156-BEF3-4068-A7C0-E0ECCF64480C}.Release|x64.Build.0 = Release|x64
		{34B87156-BEF3-4068-A7C0-E0ECCF64480C}.Release|x86.ActiveCfg = Release|Win32
		{34B87156-BEF3-4068-A7C0-E0ECCF64480C}.Release|x86.Build.0 = Release|Win32
		{17A0CFCB-52C2-4EB8-A020-93014613F66E}.Debug|x64.ActiveCfg = Debug|x64
		{17A0CFCB-52C2-4EB8-A020-93014613F66E}.Debug|x64.Build.0 = Debug|x64
		{17A0CFCB-52C2-4EB8-A020-93014613F66E}.Debug|x86.ActiveCfg = Debug|Win32
		{17A0CFCB-52C2-4EB8-A020-93014613F66E}.Debug|x86.Build.0 = Debug|Win32
		{17A0CFCB-52C2-4EB8-A020-93014613F66E}.Release|x64.ActiveCfg = Release|x64
		{17A0CFCB-52C2-4EB8-A020-93014613F66E}.Release|x64.Build.0 = Release|x64
		{17A0CFCB-52C2-4EB8-A020-93014613F66E}.Release|x86.ActiveCfg = Release|Win32
		{17A0CFCB-52C2-4EB8-A020-93014613F66E}.Release|x86.Build.0 = Release|Win32
		{1B1527D8-C690-43B3-9E39-9047A9631A92}.Debug|x64.ActiveCfg = Debug|x64
		{1B1527D8-C690-43B3-9E39-9047A9631A92}.Debug|x64.Build.0 = Debug|x64
		{1B1527D8-C690-43B3-9E39-9047A9631A92}.Debug|x86.ActiveCfg = Debug|Win32
		{1B1527D8-C690-43B3-9E39-9047A9631A92}.Debug|x86.Build.0 = Debug|Win32
		{1B1527D8-C690-43B3-9E39-9047A9631A92}.Release|x64.ActiveCfg = Release|x64
		{1B1527D8-C690-43B3-9E39-9047A9631A92}.Release|x64.Build.0 = Release|x64
		{1B1527D8-C690-43B3-9E39-9047A9631A92}.Release|x86.ActiveCfg = Release|Win32
		{1B1527D8-C690-43B3-9E39-9047A9631A92}.Release|x86.Build.0 = Release|Win32
		{8818F4F0-D68A-4F5F-BB65-F03417071620}.Debug|x64.ActiveCfg = Debug|x64
		{8818F4F0-D68A-4F5F-BB65-F03417071620}.Debug|x64.Build.0 = Debug|x64
		{8818F4F0-D68A-4F5F-BB65-F03417071620}.Debug|x86.ActiveCfg = Debug|Win32
		{8818F4F0-D68A-4F5F-BB65-F03417071620}.Debug|x86.Build.0 = Debug|Win32
		{8818F4F0-D68A-4F5F-BB65-F03417071620}.Release|x64.ActiveCfg = Release|x64
		{8818F4F0-D68A-4F5F-BB65-F03417071620}.Release|x64.Build.0 = Release|x64
		{8818F4F0-D68A-4F5F-BB65-F03417071620}.Release|x86.ActiveCfg = Release|Win32
		{8818F4F0-D68A-4F5F-BB65-F03417071620}.Release|x86.Build.0 = Release|Win32
		{B3522C0C-009A-47F6-B866-5B1EDB63B0D8}.Debug|x64.ActiveCfg = Debug|x64
		{B3522C0C-009A-47F6-B866-5B1EDB63B0D8}.Debug|x64.Build.0 = Debug|x64
		{B3522C0C-009A-47F6-B866-5B1EDB63B0D8}.Debug|x86.ActiveCfg = Debug|Win32
		{B3522C0C-009A-47F6-B866-5B1EDB63B0D8}.Debug|x86.Build.0 = Debug|Win32
		{B3522C0C-009A-47F6-B866-5B1EDB63B0D8}.Release|x64.ActiveCfg = Release|x64
		{B3522C0C-009A-47F6-B866-5B1EDB63B0D8}.Release|x64.Build.0 = Release|x64
		{B3522C0C-009A-47F6-B866-5B1EDB63B0D8}.Release|x86.ActiveCfg = Release|Win32
		{B3522C0C-009A-47F6-B866-5B1EDB63B0D8}.Release|x86.Build.0 = Release|Win32
		{35B94957-DC1B-4462-AE60-CA0E37E4637F}.Debug|x64.ActiveCfg = Debug|x64
		{35B94957-DC1B-4462-AE60-CA0E37E4637F}.Debug|x64.Build.0 = Debug|x64
		{35B94957-DC1B-4462-AE60-CA0E37E4637F}.Debug|x86.ActiveCfg = Debug|Win32
		{35B94957-DC1B-4462-AE60-CA0E37E4637F}.Debug|x86.Build.0 = Debug|Win32
		{35B94957-DC1B-4462-AE60-CA0E37E4637F}.Release|x64.ActiveCfg = Release|x64
		{35B94957-DC1B-4462-AE60-CA0E37E4637F}.Release|x64.Build.0 = Release|x64
		{35B94957-DC1B-4462-AE60-CA0E37E4637F}.Release|x86.ActiveCfg = Release|Win32
		{35B94957-DC1B-4462-AE60-CA0E37E4637F}.Release|x86.Build.0 = Release|Win32
		{A992ECF4-98C8-4C22-967E-751ACC569725}.Debug|x64.ActiveCfg = Debug|x64
		{A992ECF4-98C8-4C22-967E-751ACC569725}.Debug|x64.Build.0 = Debug|x64
		{A992ECF4-98C8-4C22-967E-751ACC569725}.Debug|x86.ActiveCfg = Debug|Win32
		{A992ECF4-98C8-4C22-967E-751ACC569725}.Debug|x86.Build.0 = Debug|Win32
		{A992ECF4-98C8-4C22-967E-751ACC569725}.Release|x64.ActiveCfg = Release|x64
		{A992ECF4-98C8-4C22-967E-751ACC569725}.Release|x64.Build.0 = Release|x64
		{A992ECF4-98C8-4C22-967E-751ACC569725}.Release|x86.ActiveCfg = Release|Win32
		{A992ECF4-98C8-4C22-967E-751ACC569725}.Release|x86.Build.0 = Release|Win32
		{906A3B8A-FC11-440D-BCEE-1A6DF23F535D}.Debug|x64.ActiveCfg = Debug|x64
		{906A3B8A-FC11-440D-BCEE-1A6DF23F535D}.Debug|x64.Build.0 = Debug|x64
		{906A3B8A-FC11-440D-BCEE-1A6DF23F535D}.Debug|x86.ActiveCfg = Debug|Win32
		{906A3B8A-FC11-440D-BCEE-1A6DF23F535D}.Debug|x86.Build.0 = Debug|Win32
		{906A3B8A-FC11-440D-BCEE-1A6DF23F535D}.Release|x64.ActiveCfg = Release|x64
		{906A3B8A-FC11-440D-BCEE-1A6DF23F535D}.Release|x64.Build.0 = Release|x64
		{906A3B8A-FC11-440D-BCEE-1A6DF23F535D}.Release|x86.ActiveCfg = Release|Win32
		{906A3B8A-FC11-440D-BCEE-1A6DF23F535D}.Release|x86.Build.0 = Release|Win32
		{BDD9BCB9-FCE7-49FA-BE34-5DCFFDE5DC8D}.Debug|x64.ActiveCfg = Debug|x64
		{BDD9BCB9-FCE7-49FA-BE34-5DCFFDE5DC8D}.Debug|x64.Build.0 = Debug|x64
		{BDD9BCB9-FCE7-49FA-BE34-5DCFFDE5DC8D}.Debug|x86.ActiveCfg = Debug|Win32
		{BDD9BCB9-FCE7-49FA-BE34-5DCFFDE5DC8D}.Debug|x86.Build.0 = Debug|Win32
		{BDD9BCB9-FCE7-49FA-BE34-5DCFFDE5DC8D}.Release|x64.ActiveCfg = Release|x64
		{BDD9BCB9-FCE7-49FA-BE34-5DCFFDE5DC8D}.Release|x64.Build.0 = Release|x64
		{BDD9BCB9-FCE7-49FA-BE34-5DCFFDE5DC8D}.Release|x86.ActiveCfg = Release|Win32
		{BDD9BCB9-FCE7-49FA-BE34-5DCFFDE5DC8D}.Release|x86.Build.0 = Release|Win32
		{55048D45-EF91-4FC5-B574-067EAFBDC8E1}.Debug|x64.ActiveCfg = Debug|x64
		{55048D45-EF91-4FC5-B574-067EAFBDC8E1}.Debug|x64.Build.0 = Debug|x64
		{55048D45-EF91-4FC5-B574-067EAFBDC8E1}.Debug|x86.ActiveCfg = Debug|Win32
		{55048D45-EF91-4FC5-B574-067EAFBDC8E1}.Debug|x86.Build.0 = Debug|Win32
		{55048D45-EF91-4FC5-B574-067EAFBDC8E1}.Release|x64.ActiveCfg = Release|x64
		{55048D45-EF91-4FC5-B574-067EAFBDC8E1}.Release|x64.Build.0 = Release|x64
		{55048D45-EF91-4FC5-B574-067EAFBDC8E1}.Release|x86.ActiveCfg = Release|Win32
		{55048D45-EF91-4FC5-B574-067EAFBDC8E1}.Release|x86.Build.0 = Release|Win32
		{DC56B5A7-9542-4199-B5AA-EF6F891CD39B}.Debug|x64.ActiveCfg = Debug|x64
		{DC56B5A7-9542-4199-B5AA-EF6F891CD39B}.Debug|x64.Build.0 = Debug|x64
		{DC56B5A7-9542-4199-B5AA-EF6F891CD39B}.Debug|x86.ActiveCfg = Debug|Win32
		{DC56B5A7-9542-4199-B5AA-EF6F891CD39B}.Debug|x86.Build.0 = Debug|Win32
		{DC56B5A7-9542-4199-B5AA-EF6F891CD39B}.Release|x64.ActiveCfg = Release|x64
		{DC56B5A7-9542-4199-B5AA-EF6F891CD39B}.Release|x64.Build.0 = Release|x64
		{DC56B5A7-9542-4199-B5AA-EF6F891CD39B}.Release|x86.ActiveCfg = Release|Win32
		{DC56B5A7-9542-4199-B5AA-EF6F891CD39B}.Release|x86.Build.0 = Release|Win32
		{2AA89A1C-5B04-46CA-8244-BFCFB3B95BBC}.Debug|x64.ActiveCfg = Debug|x64
		{2AA89A1C-5B04-46CA-8244-BFCFB3B95BBC}.Debug|x64.Build.0 = Debug|x64
		{2AA89A1C-5B04-46CA-8244-BFCFB3B95BBC}.Debug|x86.ActiveCfg = Debug|Win32
		{2AA89A1C-5B04-46CA-8244-BFCFB3B95BBC}.Debug|x86.Build.0 = Debug|Win32
		{2AA89A1C-5B04-46CA-8244-BFCFB3B95BBC}.Release|x64.ActiveCfg = Release|x64
		{2AA89A1C-5B04-46CA-8244-BFCFB3B95BBC}.Release|x64.Build.0 = Release|x64
		{2AA89A1C-5B04-46CA-8244-BFCFB3B95BBC}.Release|x86.ActiveCfg = Release|Win32
		{2AA89A1C-5B04-46CA-8244-BFCFB3B95BBC}.Release|x86.Build.0 = Release|Win32
		{F245DEAD-7B29-4827-A548-6631D3AF1A37}.Debug|x64.ActiveCfg = Debug|x64
		{F245DEAD-7B29-4827-A548-6631D3AF1A37}.Debug|x64.Build.0 = Debug|x64
		{F245DEAD-7B29-4827-A548-6631D3AF1A37}.Debug|x86.ActiveCfg = Debug|Win32
		{F245DEAD-7B29-4827-A548-6631D3AF1A37}.Debug|x86.Build.0 = Debug|Win32
		{F245DEAD-7B29-4827-A548-6631D3AF1A37}.Release|x64.ActiveCfg = Release|x64
		{F245DEAD-7B29-4827-A548-6631D3AF1A37}.Release|x64.Build.0 = Release|x64
		{F245DEAD-7B29-4827-A548-6631D3AF1A37}.Release|x86.ActiveCfg = Release|Win32
		{F245DEAD-7B29-4827-A548-6631D3AF1A37}.Release|x86.Build.0 = Release|Win32
		{C09DD151-9DF6-4138-9A1F-91E84CF5C086}.Debug|x64.ActiveCfg = Debug|x64
		{C09DD151-9DF6-4138-9A1F-91E84CF5C086}.Debug|x64.Build.0 = Debug|x64
		{C09DD151-9DF6-4138-9A1F-91E84CF5C086}.Debug|x86.ActiveCfg = Debug|Win32
		{C09DD151-9DF6-4138-9A1F-91E84CF5C086}.Debug|x86.Build.0 = Debug|Win32
		{C09DD151-9DF6-4138-9A1F-91E84CF5C086}.Release|x64.ActiveCfg = Release|x64
		{C09DD151-9DF6-4138-9A1F-91E84CF5C086}.Release|x64.Build.0 = Release|x64
		{C09DD151-9DF6-4138-9A1F-91E84CF5C086}.Release|x86.ActiveCfg = Release|Win32
		{C09DD151-9DF6-4138-9A1F-91E84CF5C086}.Release|x86.Build.0 = Release|Win32
		{CEEEE0E8-DD43-48CC-8FA8-1E89CF4869F9}.Debug|x64.ActiveCfg = Debug|x64
		{CEEEE0E8-DD43-48CC-8FA8-1E89CF4869F9}.Debug|x64.Build.0 = Debug|x64
		{CEEEE0E8-DD43-48CC-8FA8-1E89CF4869F9}.Debug|x86.ActiveCfg = Debug|Win32
		{CEEEE0E8-DD43-48CC-8FA8-1E89CF4869F9}.Debug|x86.Build.0 = Debug|Win32
		{CEEEE0E8-DD43-48CC-8FA8-1E89CF4869F9}.Release|x64.ActiveCfg = Release|x64
		{CEEEE0E8-DD43-48CC-8FA8-1E89CF4869F9}.Release|x64.Build.0 = Release|x64
		{CEEEE0E8-DD43-48CC-8FA8-1E89CF4869F9}.Release|x86.ActiveCfg = Release|Win32
		{CEEEE0E8-DD43-48CC-8FA8-1E89CF4869F9}.Release|x86.Build.0 = Release|Win32
		{C86CA390-0A8C-4031-BBC9-03B4E5623212}.Debug|x64.ActiveCfg = Debug|x64
		{C86CA390-0A8C-4031-BBC9-03B4E5623212}.Debug|x64.Build.0 = Debug|x64
		{C86CA390-0A8C-4031-BBC9-03B4E5623212}.Debug|x86.ActiveCfg = Debug|Win32
		{C86CA390-0A8C-4031-BBC9-03B4E5623212}.Debug|x86.Build.0 = Debug|Win32
		{C86CA390-0A8C-4031-BBC9-03B4E5623212}.Release|x64.ActiveCfg = Release|x64
		{C86CA390-0A8C-4031-BBC9-03B4E5623212}.Release|x64.Build.0 = Release|x64
		{C86CA390-0A8C-4031-BBC9-03B4E5623212}.Release|x86.ActiveCfg = Release|Win32
		{C86CA390-0A8C-4031-BBC9-03B4E5623212}.Release|x86.Build.0 = Release|Win32
		{FCCBCAC2-F1AD-4106-B443-3326A62502FB}.Debug|x64.ActiveCfg = Debug|x64
		{FCCBCAC2-F1AD-4106-B443-3326A62502FB}.Debug|x64.Build.0 = Debug|x64
		{FCCBCAC2-F1AD-4106-B443-3326A62502FB}.Debug|x86.ActiveCfg = Debug|Win32
		{FCCBCAC2-F1AD-4106-B443-3326A62502FB}.Debug|x86.Build.0 = Debug|Win32
		{FCCBCAC2-F1AD-4106-B443-3326A62502FB}.Release|x64.ActiveCfg = Release|x64
		{FCCBCAC2-F1AD-4106-B443-3326A62502FB}.Release|x64.Build.0 = Release|x64
		{FCCBCAC2-F1AD-4106-B443-3326A62502FB}.Release|x86.ActiveCfg = Release|Win32
		{FCCBCAC2-F1AD-4106-B443-3326A62502FB}.Release|x86.Build.0 = Release|Win32
		{0CFC8FA5-57D2-4DB3-9547-32724A10BDF8}.Debug|x64.ActiveCfg = Debug|x64
		{0CFC8FA5-57D2-4DB3-9547-32724A10BDF8}.Debug|x64.Build.0 = Debug|x64
		{0CFC8FA5-57D2-4DB3-9547-32724A10BDF8}.Debug|x86.ActiveCfg = Debug|Win32
		{0CFC8FA5-57D2-4DB3-9547-32724A10BDF8}.Debug|x86.Build.0 = Debug|Win32
		{0CFC8FA5-57D2-4DB3-9547-32724A10BDF8}.Release|x64.ActiveCfg = Release|x64
		{0CFC8FA5-57D2-4DB3-9547-32724A10BDF8}.Release|x64.Build.0 = Release|x64
		{0CFC8FA5-57D2-4DB3-9547-32724A10BDF8}.Release|x86.ActiveCfg = Release|Win32
		{0CFC8FA5-57D2-4DB3-9547-32724A10BDF8}.Release|x86.Build.0 = Release|Win32
		{859A20ED-F414-4878-A40E-E4993819EBFF}.Debug|x64.ActiveCfg = Debug|x64
		{859A20ED-F414-4878-A40E-E4993819EBFF}.Debug|x64.Build.0 = Debug|x64
		{859A20ED-F414-4878-A40E-E4993819EBFF}.Debug|x86.ActiveCfg = Debug|Win32
		{859A20ED-F414-4878-A40E-E4993819EBFF}.Debug|x86.Build.0 = Debug|Win32
		{859A20ED-F414-4878-A40E-E4993819EBFF}.Release|x64.ActiveCfg = Release|x64
		{859A20ED-F414-4878-A40E-E4993819EBFF}.Release|x64.Build.0 = Release|x64
		{859A20ED-F414-4878-A40E-E4993819EBFF}.Release|x86.ActiveCfg = Release|Win32
		{859A20ED-F414-4878-A40E-E4993819EBFF}.Release|x86.Build.0 = Release|Win32
		{43C68526-B9FE-4099-92F8-AB33D5C5A096}.Debug|x64.ActiveCfg = Debug|x64
		{43C68526-B9FE-4099-92F8-AB33D5C5A096}.Debug|x64.Build.0 = Debug|x64
		{43C68526-B9FE-4099-92F8-AB33D5C5A096}.Debug|x86.ActiveCfg = Debug|Win32
		{43C68526-B9FE-4099-92F8-AB33D5C5A096}.Debug|x86.Build.0 = Debug|Win32
		{43C68526-B9FE-4099-92F8-AB33D5C5A096}.Release|x64.ActiveCfg = Release|x64
		{43C68526-B9FE-4099-92F8-AB33D5C5A096}.Release|x64.Build.0 = Release|x64
		{43C68526-B9FE-4099-92F8-AB33D5C5A096}.Release|x86.ActiveCfg = Release|Win32
		{43C68526-B9FE-4099-92F8-AB33D5C5A096}.Release|x86.Build.0 = Release|Win32
		{74CF44D6-41B9-486A-96A3-836680395865}.Debug|x64.ActiveCfg = Debug|x64
		{74CF44D6-41B9-486A-96A3-836680395865}.Debug|x64.Build.0 = Debug|x64
		{74CF44D6-41B9-486A-96A3-836680395865}.Debug|x86.ActiveCfg = Debug|Win32
		{74CF44D6-41B9-486A-96A3-836680395865}.Debug|x86.Build.0 = Debug|Win32
		{74CF44D6-41B9-486A-96A3-836680395865}.Release|x64.ActiveCfg = Release|x64
		{74CF44D6-41B9-486A-96A3-836680395865}.Release|x64.Build.0 = Release|x64
		{74CF44D6-41B9-486A-96A3-836680395865}.Release|x86.ActiveCfg = Release|Win32
		{74CF44D6-41B9-486A-96A3-836680395865}.Release|x86.Build.0 = Release|Win32
		{87C64FF8-EF39-4EBC-9B1F-40F3A8C234DD}.Debug|x64.ActiveCfg = Debug|x64
		{87C64FF8-EF39-4EBC-9B1F-40F3A8C234DD}.Debug|x64.Build.0 = Debug|x64
		{87C64FF8-EF39-4EBC-9B1F-40F3A8C234DD}.Debug|x86.ActiveCfg = Debug|Win32
		{87C64FF8-EF39-4EBC-9B1F-40F3A8C234DD}.Debug|x86.Build.0 = Debug|Win32
		{87C64FF8-EF39-4EBC-9B1F-40F3A8C234DD}.Release|x64.ActiveCfg = Release|x64
		{87C64FF8-EF39-4EBC-9B1F-40F3A8C234DD}.Release|x64.Build.0 = Release|x64
		{87C64FF8-EF39-4EBC-9B1F-40F3A8C234DD}.Release|x86.ActiveCfg = Release|Win32
		{87C64FF8-EF39-4EBC-9B1F-40F3A8C234DD}.Release|x86.Build.0 = Release|Win32
		{65CC67D0-1DC5-4879-AD03-579084D1420E}.Debug|x64.ActiveCfg = Debug|x64
		{65CC67D0-1DC5-4879-AD03-579084D1420E}.Debug|x64.Build.0 = Debug|x64
		{65CC67D0-1DC5-4879-AD03-579084D1420E}.Debug|x86.ActiveCfg = Debug|Win32
		{65CC67D0-1DC5-4879-AD03-579084D1420E}.Debug|x86.Build.0 = Debug|Win32
		{65CC67D0-1DC5-4879-AD03-579084D1420E}.Release|x64.ActiveCfg = Release|x64
		{65CC67D0-1DC5-4879-AD03-579084D1420E}.Release|x64.Build.0 = Release|x64
		{65CC67D0-1DC5-4879-AD03-579084D1420E}.Release|x86.ActiveCfg = Release|Win32
		{65CC67D0-1DC5-4879-AD03-579084D1420E}.Release|x86.Build.0 = Release|Win32
		{526F1822-6C08-416F-B686-147960619A86}.Debug|x64.ActiveCfg = Debug|x64
		{526F1822-6C08-416F-B686-147960619A86}.Debug|x64.Build.0 = Debug|x64
		{526F1822-6C08-416F-B686-147960619A86}.Debug|x86.ActiveCfg = Debug|Win32
		{526F1822-6C08-416F-B686-147960619A86}.Debug|x86.Build.0 = Debug|Win32
		{526F1822-6C08-416F-B686-147960619A86}.Release|x64.ActiveCfg = Release|x64
		{526F1822-6C08-416F-B686-147960619A86}.Release|x64.Build.0 = Release|x64
		{526F1822-6C08-416F-B686-147960619A86}.Release|x86.ActiveCfg = Release|Win32
		{526F1822-6C08-416F-B686-147960619A86}.Release|x86.Build.0 = Release|Win32
		{0C0FA73C-4FD2-4E4E-B16C-3F374F7FDC3B}.Debug|x64.ActiveCfg = Debug|x64
		{0C0FA73C-4FD2-4E4E-B16C-3F374F7FDC3B}.Debug|x64.Build.0 = Debug|x64
		{0C0FA73C-4FD2-4E4E-B16C-3F374F7FDC3B}.Debug|x86.ActiveCfg = Debug|Win32
		{0C0FA73C-4FD2-4E4E-B16C-3F374F7FDC3B}.Debug|x86.Build.0 = Debug|Win32
		{0C0FA73C-4FD2-4E4E-B16C-3F374F7FDC3B}.Release|x64.ActiveCfg = Release|x64
		{0C0FA73C-4FD2-4E4E-B16C-3F374F7FDC3B}.Release|x64.Build.0 = Release|x64
		{0C0FA73C-4FD2-4E4E-B16C-3F374F7FDC3B}.Release|x86.ActiveCfg = Release|Win32
		{0C0FA73C-4FD2-4E4E-B16C-3F374F7FDC3B}.Release|x86.Build.0 = Release|Win32
		{DC7F0AE5-5905-42E7-B6F2-226E49BF9D4D}.Debug|x64.ActiveCfg = Debug|x64
		{DC7F0AE5-5905-42E7-B6F2-226E49BF9D4D}.Debug|x64.Build.0 = Debug|x64
		{DC7F0AE5-5905-42E7-B6F2-226E49BF9D4D}.Debug|x86.ActiveCfg = Debug|Win32
		{DC7F0AE5-5905-42E7-B6F2-226E49BF9D4D}.Debug|x86.Build.0 = Debug|Win32
		{DC7F0AE5-5905-42E7-B6F2-226E49BF9D4D}.Release|x64.ActiveCfg = Release|x64
		{DC7F0AE5-5905-42E7-B6F2-226E49BF9D4D}.Release|x64.Build.0 = Release|x64
		{DC7F0AE5-5905-42E7-B6F2-226E49BF9D4D}.Release|x86.ActiveCfg = Release|Win32
		{DC7F0AE5-5905-42E7-B6F2-226E49BF9D4D}.Release|x86.Build.0 = Release|Win32
		{5AB3D001-985E-4603-94D8-3F5ECE89F3F0}.Debug|x64.ActiveCfg = Debug|x64
		{5AB3D001-985E-4603-94D8-3F5ECE89F3F0}.Debug|x64.Build.0 = Debug|x64
		{5AB3D001-985E-4603-94D8-3F5ECE89F3F0}.Debug|x86.ActiveCfg = Debug|Win32
		{5AB3D001-985E-4603-94D8-3F5ECE89F3F0}.Debug|x86.Build.0 = Debug|Win32
		{5AB3D001-985E-4603-94D8-3F5ECE89F3F0}.Release|x64.ActiveCfg = Release|x64
		{5AB3D001-985E-4603-94D8-3F5ECE89F3F0}.Release|x64.Build.0 = Release|x64
		{5AB3D001-985E-4603-94D8-3F5ECE89F3F0}.Release|x86.ActiveCfg = Release|Win32
		{5AB3D001-985E-4603-94D8-3F5ECE89F3F0}.Release|x86.Build.0 = Release|Win32
	EndGlobalSection
	GlobalSection(SolutionProperties) = preSolution
		HideSolutionNode = FALSE
	EndGlobalSection
	GlobalSection(ExtensibilityGlobals) = postSolution
		SolutionGuid = {7CAC4FF5-3C83-45B0-BD16-C01E786A1F96}
	EndGlobalSection
EndGlobal
