
Microsoft Visual Studio Solution File, Format Version 12.00
# Visual Studio Version 16
VisualStudioVersion = 16.0.29926.136
MinimumVisualStudioVersion = 10.0.40219.1
Project("{8BC9CEB8-8B4A-11D0-8D11-00A0C91BC942}") = "미분류", "미분류\미분류.vcxproj", "{09B12285-B5B1-41AA-8A13-D39B7FA405B2}"
EndProject
Project("{8BC9CEB8-8B4A-11D0-8D11-00A0C91BC942}") = "너비 우선 탐색", "너비 우선 탐색\너비 우선 탐색.vcxproj", "{E9E8C14D-E484-4BA5-B2DF-F95112A0C59F}"
EndProject
Project("{8BC9CEB8-8B4A-11D0-8D11-00A0C91BC942}") = "이분 탐색", "이분 탐색\이분 탐색.vcxproj", "{08B68905-C512-423D-AF11-76B4CEC096C0}"
EndProject
Project("{8BC9CEB8-8B4A-11D0-8D11-00A0C91BC942}") = "동적 계획법", "동적 계획법\동적 계획법.vcxproj", "{8FE94F7D-4600-42B5-A25F-24D6B776AF01}"
EndProject
Project("{8BC9CEB8-8B4A-11D0-8D11-00A0C91BC942}") = "최소 신장 트리", "최소 신장 트리\최소 신장 트리.vcxproj", "{4871C04C-DE54-400B-84CF-D4E024EC88E4}"
EndProject
Project("{8BC9CEB8-8B4A-11D0-8D11-00A0C91BC942}") = "그래프 이론", "그래프 이론\그래프 이론.vcxproj", "{0C4EDDBE-F67A-4E40-802A-CBB3FE18BAAF}"
EndProject
Project("{8BC9CEB8-8B4A-11D0-8D11-00A0C91BC942}") = "구현", "구현\구현.vcxproj", "{1CF98331-1459-41EF-8B6D-002955779F37}"
EndProject
Project("{8BC9CEB8-8B4A-11D0-8D11-00A0C91BC942}") = "깊이 우선 탐색", "깊이 우선 탐색\깊이 우선 탐색.vcxproj", "{5811C9A3-8678-46B9-8544-DF4E8084900C}"
EndProject
Global
	GlobalSection(SolutionConfigurationPlatforms) = preSolution
		Debug|x64 = Debug|x64
		Debug|x86 = Debug|x86
		Release|x64 = Release|x64
		Release|x86 = Release|x86
	EndGlobalSection
	GlobalSection(ProjectConfigurationPlatforms) = postSolution
		{09B12285-B5B1-41AA-8A13-D39B7FA405B2}.Debug|x64.ActiveCfg = Debug|x64
		{09B12285-B5B1-41AA-8A13-D39B7FA405B2}.Debug|x64.Build.0 = Debug|x64
		{09B12285-B5B1-41AA-8A13-D39B7FA405B2}.Debug|x86.ActiveCfg = Debug|Win32
		{09B12285-B5B1-41AA-8A13-D39B7FA405B2}.Debug|x86.Build.0 = Debug|Win32
		{09B12285-B5B1-41AA-8A13-D39B7FA405B2}.Release|x64.ActiveCfg = Release|x64
		{09B12285-B5B1-41AA-8A13-D39B7FA405B2}.Release|x64.Build.0 = Release|x64
		{09B12285-B5B1-41AA-8A13-D39B7FA405B2}.Release|x86.ActiveCfg = Release|Win32
		{09B12285-B5B1-41AA-8A13-D39B7FA405B2}.Release|x86.Build.0 = Release|Win32
		{E9E8C14D-E484-4BA5-B2DF-F95112A0C59F}.Debug|x64.ActiveCfg = Debug|x64
		{E9E8C14D-E484-4BA5-B2DF-F95112A0C59F}.Debug|x64.Build.0 = Debug|x64
		{E9E8C14D-E484-4BA5-B2DF-F95112A0C59F}.Debug|x86.ActiveCfg = Debug|Win32
		{E9E8C14D-E484-4BA5-B2DF-F95112A0C59F}.Debug|x86.Build.0 = Debug|Win32
		{E9E8C14D-E484-4BA5-B2DF-F95112A0C59F}.Release|x64.ActiveCfg = Release|x64
		{E9E8C14D-E484-4BA5-B2DF-F95112A0C59F}.Release|x64.Build.0 = Release|x64
		{E9E8C14D-E484-4BA5-B2DF-F95112A0C59F}.Release|x86.ActiveCfg = Release|Win32
		{E9E8C14D-E484-4BA5-B2DF-F95112A0C59F}.Release|x86.Build.0 = Release|Win32
		{08B68905-C512-423D-AF11-76B4CEC096C0}.Debug|x64.ActiveCfg = Debug|x64
		{08B68905-C512-423D-AF11-76B4CEC096C0}.Debug|x64.Build.0 = Debug|x64
		{08B68905-C512-423D-AF11-76B4CEC096C0}.Debug|x86.ActiveCfg = Debug|Win32
		{08B68905-C512-423D-AF11-76B4CEC096C0}.Debug|x86.Build.0 = Debug|Win32
		{08B68905-C512-423D-AF11-76B4CEC096C0}.Release|x64.ActiveCfg = Release|x64
		{08B68905-C512-423D-AF11-76B4CEC096C0}.Release|x64.Build.0 = Release|x64
		{08B68905-C512-423D-AF11-76B4CEC096C0}.Release|x86.ActiveCfg = Release|Win32
		{08B68905-C512-423D-AF11-76B4CEC096C0}.Release|x86.Build.0 = Release|Win32
		{8FE94F7D-4600-42B5-A25F-24D6B776AF01}.Debug|x64.ActiveCfg = Debug|x64
		{8FE94F7D-4600-42B5-A25F-24D6B776AF01}.Debug|x64.Build.0 = Debug|x64
		{8FE94F7D-4600-42B5-A25F-24D6B776AF01}.Debug|x86.ActiveCfg = Debug|Win32
		{8FE94F7D-4600-42B5-A25F-24D6B776AF01}.Debug|x86.Build.0 = Debug|Win32
		{8FE94F7D-4600-42B5-A25F-24D6B776AF01}.Release|x64.ActiveCfg = Release|x64
		{8FE94F7D-4600-42B5-A25F-24D6B776AF01}.Release|x64.Build.0 = Release|x64
		{8FE94F7D-4600-42B5-A25F-24D6B776AF01}.Release|x86.ActiveCfg = Release|Win32
		{8FE94F7D-4600-42B5-A25F-24D6B776AF01}.Release|x86.Build.0 = Release|Win32
		{4871C04C-DE54-400B-84CF-D4E024EC88E4}.Debug|x64.ActiveCfg = Debug|x64
		{4871C04C-DE54-400B-84CF-D4E024EC88E4}.Debug|x64.Build.0 = Debug|x64
		{4871C04C-DE54-400B-84CF-D4E024EC88E4}.Debug|x86.ActiveCfg = Debug|Win32
		{4871C04C-DE54-400B-84CF-D4E024EC88E4}.Debug|x86.Build.0 = Debug|Win32
		{4871C04C-DE54-400B-84CF-D4E024EC88E4}.Release|x64.ActiveCfg = Release|x64
		{4871C04C-DE54-400B-84CF-D4E024EC88E4}.Release|x64.Build.0 = Release|x64
		{4871C04C-DE54-400B-84CF-D4E024EC88E4}.Release|x86.ActiveCfg = Release|Win32
		{4871C04C-DE54-400B-84CF-D4E024EC88E4}.Release|x86.Build.0 = Release|Win32
		{0C4EDDBE-F67A-4E40-802A-CBB3FE18BAAF}.Debug|x64.ActiveCfg = Debug|x64
		{0C4EDDBE-F67A-4E40-802A-CBB3FE18BAAF}.Debug|x64.Build.0 = Debug|x64
		{0C4EDDBE-F67A-4E40-802A-CBB3FE18BAAF}.Debug|x86.ActiveCfg = Debug|Win32
		{0C4EDDBE-F67A-4E40-802A-CBB3FE18BAAF}.Debug|x86.Build.0 = Debug|Win32
		{0C4EDDBE-F67A-4E40-802A-CBB3FE18BAAF}.Release|x64.ActiveCfg = Release|x64
		{0C4EDDBE-F67A-4E40-802A-CBB3FE18BAAF}.Release|x64.Build.0 = Release|x64
		{0C4EDDBE-F67A-4E40-802A-CBB3FE18BAAF}.Release|x86.ActiveCfg = Release|Win32
		{0C4EDDBE-F67A-4E40-802A-CBB3FE18BAAF}.Release|x86.Build.0 = Release|Win32
		{1CF98331-1459-41EF-8B6D-002955779F37}.Debug|x64.ActiveCfg = Debug|x64
		{1CF98331-1459-41EF-8B6D-002955779F37}.Debug|x64.Build.0 = Debug|x64
		{1CF98331-1459-41EF-8B6D-002955779F37}.Debug|x86.ActiveCfg = Debug|Win32
		{1CF98331-1459-41EF-8B6D-002955779F37}.Debug|x86.Build.0 = Debug|Win32
		{1CF98331-1459-41EF-8B6D-002955779F37}.Release|x64.ActiveCfg = Release|x64
		{1CF98331-1459-41EF-8B6D-002955779F37}.Release|x64.Build.0 = Release|x64
		{1CF98331-1459-41EF-8B6D-002955779F37}.Release|x86.ActiveCfg = Release|Win32
		{1CF98331-1459-41EF-8B6D-002955779F37}.Release|x86.Build.0 = Release|Win32
		{5811C9A3-8678-46B9-8544-DF4E8084900C}.Debug|x64.ActiveCfg = Debug|x64
		{5811C9A3-8678-46B9-8544-DF4E8084900C}.Debug|x64.Build.0 = Debug|x64
		{5811C9A3-8678-46B9-8544-DF4E8084900C}.Debug|x86.ActiveCfg = Debug|Win32
		{5811C9A3-8678-46B9-8544-DF4E8084900C}.Debug|x86.Build.0 = Debug|Win32
		{5811C9A3-8678-46B9-8544-DF4E8084900C}.Release|x64.ActiveCfg = Release|x64
		{5811C9A3-8678-46B9-8544-DF4E8084900C}.Release|x64.Build.0 = Release|x64
		{5811C9A3-8678-46B9-8544-DF4E8084900C}.Release|x86.ActiveCfg = Release|Win32
		{5811C9A3-8678-46B9-8544-DF4E8084900C}.Release|x86.Build.0 = Release|Win32
	EndGlobalSection
	GlobalSection(SolutionProperties) = preSolution
		HideSolutionNode = FALSE
	EndGlobalSection
	GlobalSection(ExtensibilityGlobals) = postSolution
		SolutionGuid = {7CAC4FF5-3C83-45B0-BD16-C01E786A1F96}
	EndGlobalSection
EndGlobal
