<?xml version="1.0" encoding="utf-8"?>
<Project ToolsVersion="4.0" xmlns="http://schemas.microsoft.com/developer/msbuild/2003">
  <ItemGroup>
    <Filter Include="소스 파일">
      <UniqueIdentifier>{4FC737F1-C7A5-4376-A066-2A32D752A2FF}</UniqueIdentifier>
      <Extensions>cpp;c;cc;cxx;c++;def;odl;idl;hpj;bat;asm;asmx</Extensions>
    </Filter>
    <Filter Include="헤더 파일">
      <UniqueIdentifier>{93995380-89BD-4b04-88EB-625FBE52EBFB}</UniqueIdentifier>
      <Extensions>h;hh;hpp;hxx;h++;hm;inl;inc;ipp;xsd</Extensions>
    </Filter>
    <Filter Include="리소스 파일">
      <UniqueIdentifier>{67DA6AB6-F800-4c08-8B7A-83BB121AAD01}</UniqueIdentifier>
      <Extensions>rc;ico;cur;bmp;dlg;rc2;rct;bin;rgs;gif;jpg;jpeg;jpe;resx;tiff;tif;png;wav;mfcribbon-ms</Extensions>
    </Filter>
  </ItemGroup>
  <ItemGroup>
    <Text Include="input.txt">
      <Filter>리소스 파일</Filter>
    </Text>
  </ItemGroup>
  <ItemGroup>
    <ClCompile Include="1504-특정한 최단 경로.cpp">
      <Filter>소스 파일</Filter>
    </ClCompile>
    <ClCompile Include="20046-Road Reconstruction.cpp">
      <Filter>소스 파일</Filter>
    </ClCompile>
    <ClCompile Include="13549-숨바꼭질 3.cpp">
      <Filter>소스 파일</Filter>
    </ClCompile>
    <ClCompile Include="24515-히히 못가.cpp">
      <Filter>소스 파일</Filter>
    </ClCompile>
    <ClCompile Include="5719-거의 최단 경로.cpp">
      <Filter>소스 파일</Filter>
    </ClCompile>
    <ClCompile Include="1854-K번째 최단경로 찾기.cpp">
      <Filter>소스 파일</Filter>
    </ClCompile>
    <ClCompile Include="2325-개코전쟁.cpp">
      <Filter>소스 파일</Filter>
    </ClCompile>
    <ClCompile Include="11779-최소비용 구하기 2.cpp">
      <Filter>소스 파일</Filter>
    </ClCompile>
    <ClCompile Include="1916-최소비용 구하기.cpp">
      <Filter>소스 파일</Filter>
    </ClCompile>
    <ClCompile Include="17940-지하철.cpp">
      <Filter>소스 파일</Filter>
    </ClCompile>
    <ClCompile Include="1162-도로포장.cpp">
      <Filter>소스 파일</Filter>
    </ClCompile>
    <ClCompile Include="2665-미로만들기.cpp">
      <Filter>소스 파일</Filter>
    </ClCompile>
    <ClCompile Include="4485-녹색 옷 입은 애가 젤다지.cpp">
      <Filter>소스 파일</Filter>
    </ClCompile>
    <ClCompile Include="1277-발전소 설치.cpp">
      <Filter>소스 파일</Filter>
    </ClCompile>
    <ClCompile Include="10282-해킹.cpp">
      <Filter>소스 파일</Filter>
    </ClCompile>
    <ClCompile Include="10217-KCM Travel.cpp">
      <Filter>소스 파일</Filter>
    </ClCompile>
    <ClCompile Include="9505-엔터프라이즈호 탈출.cpp">
      <Filter>소스 파일</Filter>
    </ClCompile>
    <ClCompile Include="2307-도로검문.cpp">
      <Filter>소스 파일</Filter>
    </ClCompile>
    <ClCompile Include="1445-일요일 아침의 데이트.cpp">
      <Filter>소스 파일</Filter>
    </ClCompile>
    <ClCompile Include="2423-전구를 켜라.cpp">
      <Filter>소스 파일</Filter>
    </ClCompile>
    <ClCompile Include="9370-미확인 도착지.cpp">
      <Filter>소스 파일</Filter>
    </ClCompile>
    <ClCompile Include="14461-소가 길을 건너간 이유 7.cpp">
      <Filter>소스 파일</Filter>
    </ClCompile>
    <ClCompile Include="1486-등산.cpp">
      <Filter>소스 파일</Filter>
    </ClCompile>
    <ClCompile Include="1884-고속도로.cpp">
      <Filter>소스 파일</Filter>
    </ClCompile>
    <ClCompile Include="5944-Apple Delivery.cpp">
      <Filter>소스 파일</Filter>
    </ClCompile>
    <ClCompile Include="16118-달빛 여우.cpp">
      <Filter>소스 파일</Filter>
    </ClCompile>
    <ClCompile Include="2917-늑대 사냥꾼.cpp">
      <Filter>소스 파일</Filter>
    </ClCompile>
    <ClCompile Include="16211-백채원.cpp">
      <Filter>소스 파일</Filter>
    </ClCompile>
    <ClCompile Include="31791-바이러스 공격.cpp">
      <Filter>소스 파일</Filter>
    </ClCompile>
    <ClCompile Include="2211-네트워크 복구.cpp">
      <Filter>소스 파일</Filter>
    </ClCompile>
  </ItemGroup>
</Project>