<?xml version="1.0" encoding="utf-8"?>
<Project ToolsVersion="4.0" xmlns="http://schemas.microsoft.com/developer/msbuild/2003">
  <ItemGroup>
    <Filter Include="소스 파일">
      <UniqueIdentifier>{4FC737F1-C7A5-4376-A066-2A32D752A2FF}</UniqueIdentifier>
      <Extensions>cpp;c;cc;cxx;c++;def;odl;idl;hpj;bat;asm;asmx</Extensions>
    </Filter>
    <Filter Include="헤더 파일">
      <UniqueIdentifier>{93995380-89BD-4b04-88EB-625FBE52EBFB}</UniqueIdentifier>
      <Extensions>h;hh;hpp;hxx;h++;hm;inl;inc;ipp;xsd</Extensions>
    </Filter>
    <Filter Include="리소스 파일">
      <UniqueIdentifier>{67DA6AB6-F800-4c08-8B7A-83BB121AAD01}</UniqueIdentifier>
      <Extensions>rc;ico;cur;bmp;dlg;rc2;rct;bin;rgs;gif;jpg;jpeg;jpe;resx;tiff;tif;png;wav;mfcribbon-ms</Extensions>
    </Filter>
  </ItemGroup>
  <ItemGroup>
    <ClCompile Include="2758-로또.cpp">
      <Filter>소스 파일</Filter>
    </ClCompile>
    <ClCompile Include="1932-정수 삼각형.cpp">
      <Filter>소스 파일</Filter>
    </ClCompile>
    <ClCompile Include="1793-타일링.cpp">
      <Filter>소스 파일</Filter>
    </ClCompile>
    <ClCompile Include="2098-외판원 순회.cpp">
      <Filter>소스 파일</Filter>
    </ClCompile>
    <ClCompile Include="17404-RGB거리 2.cpp">
      <Filter>소스 파일</Filter>
    </ClCompile>
    <ClCompile Include="1005-ACM Craft.cpp">
      <Filter>소스 파일</Filter>
    </ClCompile>
    <ClCompile Include="1509-팰린드롬 분할.cpp">
      <Filter>소스 파일</Filter>
    </ClCompile>
    <ClCompile Include="1103-게임.cpp">
      <Filter>소스 파일</Filter>
    </ClCompile>
    <ClCompile Include="2169-로봇 조종하기.cpp">
      <Filter>소스 파일</Filter>
    </ClCompile>
    <ClCompile Include="12872-플레이리스트.cpp">
      <Filter>소스 파일</Filter>
    </ClCompile>
    <ClCompile Include="12865-평범한 배낭.cpp">
      <Filter>소스 파일</Filter>
    </ClCompile>
    <ClCompile Include="1234-크리스마스 트리.cpp">
      <Filter>소스 파일</Filter>
    </ClCompile>
    <ClCompile Include="17626-Four Squares.cpp">
      <Filter>소스 파일</Filter>
    </ClCompile>
    <ClCompile Include="4991-로봇 청소기.cpp">
      <Filter>소스 파일</Filter>
    </ClCompile>
    <ClCompile Include="1562-계단 수.cpp">
      <Filter>소스 파일</Filter>
    </ClCompile>
    <ClCompile Include="14002-가장 긴 증가하는 부분 수열 4.cpp">
      <Filter>소스 파일</Filter>
    </ClCompile>
    <ClCompile Include="2342-Dance Dance Revolution.cpp">
      <Filter>소스 파일</Filter>
    </ClCompile>
    <ClCompile Include="2637-장난감 조립.cpp">
      <Filter>소스 파일</Filter>
    </ClCompile>
    <ClCompile Include="2096-내려가기.cpp">
      <Filter>소스 파일</Filter>
    </ClCompile>
    <ClCompile Include="9461-파도반 수열.cpp">
      <Filter>소스 파일</Filter>
    </ClCompile>
    <ClCompile Include="1463-1로 만들기.cpp">
      <Filter>소스 파일</Filter>
    </ClCompile>
    <ClCompile Include="17069-파이프 옮기기 2.cpp">
      <Filter>소스 파일</Filter>
    </ClCompile>
    <ClCompile Include="2293-동전 1.cpp">
      <Filter>소스 파일</Filter>
    </ClCompile>
    <ClCompile Include="1311-할 일 정하기 1.cpp">
      <Filter>소스 파일</Filter>
    </ClCompile>
    <ClCompile Include="1135-뉴스 전하기.cpp">
      <Filter>소스 파일</Filter>
    </ClCompile>
    <ClCompile Include="13398-연속합 2.cpp">
      <Filter>소스 파일</Filter>
    </ClCompile>
    <ClCompile Include="1937-욕심쟁이 판다.cpp">
      <Filter>소스 파일</Filter>
    </ClCompile>
    <ClCompile Include="14722-우유 도시.cpp">
      <Filter>소스 파일</Filter>
    </ClCompile>
    <ClCompile Include="12019-동아리방 청소!.cpp">
      <Filter>소스 파일</Filter>
    </ClCompile>
    <ClCompile Include="1563-개근상.cpp">
      <Filter>소스 파일</Filter>
    </ClCompile>
    <ClCompile Include="9084-동전.cpp">
      <Filter>소스 파일</Filter>
    </ClCompile>
    <ClCompile Include="9251-LCS.cpp">
      <Filter>소스 파일</Filter>
    </ClCompile>
    <ClCompile Include="2240-자두나무.cpp">
      <Filter>소스 파일</Filter>
    </ClCompile>
    <ClCompile Include="1915-가장 큰 정사각형.cpp">
      <Filter>소스 파일</Filter>
    </ClCompile>
    <ClCompile Include="2533-사회망 서비스(SNS).cpp">
      <Filter>소스 파일</Filter>
    </ClCompile>
    <ClCompile Include="14267-회사 문화 1.cpp">
      <Filter>소스 파일</Filter>
    </ClCompile>
    <ClCompile Include="1106-호텔.cpp">
      <Filter>소스 파일</Filter>
    </ClCompile>
    <ClCompile Include="2666-벽장문의 이동.cpp">
      <Filter>소스 파일</Filter>
    </ClCompile>
    <ClCompile Include="2229-조 짜기.cpp">
      <Filter>소스 파일</Filter>
    </ClCompile>
    <ClCompile Include="9252-LCS 2.cpp">
      <Filter>소스 파일</Filter>
    </ClCompile>
    <ClCompile Include="7579-앱.cpp">
      <Filter>소스 파일</Filter>
    </ClCompile>
    <ClCompile Include="12869-뮤탈리스크.cpp">
      <Filter>소스 파일</Filter>
    </ClCompile>
    <ClCompile Include="15989-1, 2, 3 더하기 4.cpp">
      <Filter>소스 파일</Filter>
    </ClCompile>
    <ClCompile Include="1053-팰린드롬 공장.cpp">
      <Filter>소스 파일</Filter>
    </ClCompile>
    <ClCompile Include="10942-팰린드롬.cpp">
      <Filter>소스 파일</Filter>
    </ClCompile>
    <ClCompile Include="1230-문자열 거리.cpp">
      <Filter>소스 파일</Filter>
    </ClCompile>
    <ClCompile Include="1301-비즈 공예.cpp">
      <Filter>소스 파일</Filter>
    </ClCompile>
    <ClCompile Include="2228-구간 나누기.cpp">
      <Filter>소스 파일</Filter>
    </ClCompile>
    <ClCompile Include="1176-섞기.cpp">
      <Filter>소스 파일</Filter>
    </ClCompile>
    <ClCompile Include="4781-사탕 가게.cpp">
      <Filter>소스 파일</Filter>
    </ClCompile>
    <ClCompile Include="2294-동전 2.cpp">
      <Filter>소스 파일</Filter>
    </ClCompile>
    <ClCompile Include="1099-알 수 없는 문장.cpp">
      <Filter>소스 파일</Filter>
    </ClCompile>
    <ClCompile Include="5582-공통 부분 문자열.cpp">
      <Filter>소스 파일</Filter>
    </ClCompile>
    <ClCompile Include="13907-세금.cpp">
      <Filter>소스 파일</Filter>
    </ClCompile>
    <ClCompile Include="11049-행렬 곱셈 순서.cpp">
      <Filter>소스 파일</Filter>
    </ClCompile>
    <ClCompile Include="2618-경찰차.cpp">
      <Filter>소스 파일</Filter>
    </ClCompile>
    <ClCompile Include="2629-양팔저울.cpp">
      <Filter>소스 파일</Filter>
    </ClCompile>
    <ClCompile Include="1351-무한 수열.cpp">
      <Filter>소스 파일</Filter>
    </ClCompile>
    <ClCompile Include="7476-최대 공통 증가 수열.cpp">
      <Filter>소스 파일</Filter>
    </ClCompile>
    <ClCompile Include="15483-최소 편집.cpp">
      <Filter>소스 파일</Filter>
    </ClCompile>
    <ClCompile Include="2186-문자판.cpp">
      <Filter>소스 파일</Filter>
    </ClCompile>
    <ClCompile Include="2565-전깃줄.cpp">
      <Filter>소스 파일</Filter>
    </ClCompile>
    <ClCompile Include="11066-파일 합치기.cpp">
      <Filter>소스 파일</Filter>
    </ClCompile>
    <ClCompile Include="14863-서울에서 경산까지.cpp">
      <Filter>소스 파일</Filter>
    </ClCompile>
    <ClCompile Include="2306-유전자.cpp">
      <Filter>소스 파일</Filter>
    </ClCompile>
    <ClCompile Include="1344-축구.cpp">
      <Filter>소스 파일</Filter>
    </ClCompile>
    <ClCompile Include="5569-출근 경로.cpp">
      <Filter>소스 파일</Filter>
    </ClCompile>
    <ClCompile Include="1757-달려달려.cpp">
      <Filter>소스 파일</Filter>
    </ClCompile>
    <ClCompile Include="2616-소형기관차.cpp">
      <Filter>소스 파일</Filter>
    </ClCompile>
    <ClCompile Include="1633-최고의 팀 만들기.cpp">
      <Filter>소스 파일</Filter>
    </ClCompile>
    <ClCompile Include="2631-줄세우기.cpp">
      <Filter>소스 파일</Filter>
    </ClCompile>
    <ClCompile Include="1720-타일 코드.cpp">
      <Filter>소스 파일</Filter>
    </ClCompile>
    <ClCompile Include="2281-데스노트.cpp">
      <Filter>소스 파일</Filter>
    </ClCompile>
    <ClCompile Include="11985-오렌지 출하.cpp">
      <Filter>소스 파일</Filter>
    </ClCompile>
    <ClCompile Include="2591-숫자카드.cpp">
      <Filter>소스 파일</Filter>
    </ClCompile>
    <ClCompile Include="2157-여행.cpp">
      <Filter>소스 파일</Filter>
    </ClCompile>
    <ClCompile Include="2602-돌다리 건너기.cpp">
      <Filter>소스 파일</Filter>
    </ClCompile>
    <ClCompile Include="5934-Visiting Cows.cpp">
      <Filter>소스 파일</Filter>
    </ClCompile>
    <ClCompile Include="14699-관악산 등산.cpp">
      <Filter>소스 파일</Filter>
    </ClCompile>
    <ClCompile Include="1354-무한 수열 2.cpp">
      <Filter>소스 파일</Filter>
    </ClCompile>
    <ClCompile Include="1727-커플 만들기.cpp">
      <Filter>소스 파일</Filter>
    </ClCompile>
    <ClCompile Include="2073-수도배관공사.cpp">
      <Filter>소스 파일</Filter>
    </ClCompile>
    <ClCompile Include="1823-수확.cpp">
      <Filter>소스 파일</Filter>
    </ClCompile>
    <ClCompile Include="17090-미로 탈출하기.cpp">
      <Filter>소스 파일</Filter>
    </ClCompile>
    <ClCompile Include="15458-Barn Painting.cpp">
      <Filter>소스 파일</Filter>
    </ClCompile>
    <ClCompile Include="1695-팰린드롬 만들기.cpp">
      <Filter>소스 파일</Filter>
    </ClCompile>
    <ClCompile Include="1415-사탕.cpp">
      <Filter>소스 파일</Filter>
    </ClCompile>
    <ClCompile Include="26156-나락도 락이다.cpp">
      <Filter>소스 파일</Filter>
    </ClCompile>
    <ClCompile Include="23976-문자열 나누기.cpp">
      <Filter>소스 파일</Filter>
    </ClCompile>
    <ClCompile Include="4430-Is Bigger Smarter.cpp">
      <Filter>소스 파일</Filter>
    </ClCompile>
    <ClCompile Include="16888-루트 게임.cpp">
      <Filter>소스 파일</Filter>
    </ClCompile>
    <ClCompile Include="2560-짚신벌레.cpp">
      <Filter>소스 파일</Filter>
    </ClCompile>
    <ClCompile Include="12996-Acka.cpp">
      <Filter>소스 파일</Filter>
    </ClCompile>
    <ClCompile Include="12429-생존자 (Small).cpp">
      <Filter>소스 파일</Filter>
    </ClCompile>
    <ClCompile Include="10564-팔굽혀펴기.cpp">
      <Filter>소스 파일</Filter>
    </ClCompile>
    <ClCompile Include="2698-인접한 비트의 개수.cpp">
      <Filter>소스 파일</Filter>
    </ClCompile>
    <ClCompile Include="19847-여우 신탁.cpp">
      <Filter>소스 파일</Filter>
    </ClCompile>
    <ClCompile Include="1988-낮잠 시간.cpp">
      <Filter>소스 파일</Filter>
    </ClCompile>
    <ClCompile Include="30799-가희와 터널.cpp">
      <Filter>소스 파일</Filter>
    </ClCompile>
    <ClCompile Include="16287-Parcel.cpp">
      <Filter>소스 파일</Filter>
    </ClCompile>
    <ClCompile Include="14462-소가 길을 건너간 이유 8.cpp">
      <Filter>소스 파일</Filter>
    </ClCompile>
    <ClCompile Include="25097-Controlled Inflation.cpp">
      <Filter>소스 파일</Filter>
    </ClCompile>
  </ItemGroup>
  <ItemGroup>
    <Text Include="input.txt">
      <Filter>리소스 파일</Filter>
    </Text>
  </ItemGroup>
</Project>