<?xml version="1.0" encoding="utf-8"?>
<Project ToolsVersion="4.0" xmlns="http://schemas.microsoft.com/developer/msbuild/2003">
  <ItemGroup>
    <Filter Include="소스 파일">
      <UniqueIdentifier>{4FC737F1-C7A5-4376-A066-2A32D752A2FF}</UniqueIdentifier>
      <Extensions>cpp;c;cc;cxx;c++;def;odl;idl;hpj;bat;asm;asmx</Extensions>
    </Filter>
    <Filter Include="헤더 파일">
      <UniqueIdentifier>{93995380-89BD-4b04-88EB-625FBE52EBFB}</UniqueIdentifier>
      <Extensions>h;hh;hpp;hxx;h++;hm;inl;inc;ipp;xsd</Extensions>
    </Filter>
    <Filter Include="리소스 파일">
      <UniqueIdentifier>{67DA6AB6-F800-4c08-8B7A-83BB121AAD01}</UniqueIdentifier>
      <Extensions>rc;ico;cur;bmp;dlg;rc2;rct;bin;rgs;gif;jpg;jpeg;jpe;resx;tiff;tif;png;wav;mfcribbon-ms</Extensions>
    </Filter>
  </ItemGroup>
  <ItemGroup>
    <ClCompile Include="2758-로또.cpp">
      <Filter>소스 파일</Filter>
    </ClCompile>
    <ClCompile Include="1932-정수 삼각형.cpp">
      <Filter>소스 파일</Filter>
    </ClCompile>
    <ClCompile Include="1793-타일링.cpp">
      <Filter>소스 파일</Filter>
    </ClCompile>
    <ClCompile Include="2098-외판원 순회.cpp">
      <Filter>소스 파일</Filter>
    </ClCompile>
    <ClCompile Include="17404-RGB거리 2.cpp">
      <Filter>소스 파일</Filter>
    </ClCompile>
    <ClCompile Include="1005-ACM Craft.cpp">
      <Filter>소스 파일</Filter>
    </ClCompile>
    <ClCompile Include="1509-팰린드롬 분할.cpp">
      <Filter>소스 파일</Filter>
    </ClCompile>
    <ClCompile Include="1103-게임.cpp">
      <Filter>소스 파일</Filter>
    </ClCompile>
    <ClCompile Include="2169-로봇 조종하기.cpp">
      <Filter>소스 파일</Filter>
    </ClCompile>
    <ClCompile Include="12872-플레이리스트.cpp">
      <Filter>소스 파일</Filter>
    </ClCompile>
    <ClCompile Include="12865-평범한 배낭.cpp">
      <Filter>소스 파일</Filter>
    </ClCompile>
    <ClCompile Include="1234-크리스마스 트리.cpp">
      <Filter>소스 파일</Filter>
    </ClCompile>
    <ClCompile Include="17626-Four Squares.cpp">
      <Filter>소스 파일</Filter>
    </ClCompile>
    <ClCompile Include="4991-로봇 청소기.cpp">
      <Filter>소스 파일</Filter>
    </ClCompile>
    <ClCompile Include="1562-계단 수.cpp">
      <Filter>소스 파일</Filter>
    </ClCompile>
    <ClCompile Include="14002-가장 긴 증가하는 부분 수열 4.cpp">
      <Filter>소스 파일</Filter>
    </ClCompile>
    <ClCompile Include="2342-Dance Dance Revolution.cpp">
      <Filter>소스 파일</Filter>
    </ClCompile>
    <ClCompile Include="2637-장난감 조립.cpp">
      <Filter>소스 파일</Filter>
    </ClCompile>
    <ClCompile Include="2096-내려가기.cpp">
      <Filter>소스 파일</Filter>
    </ClCompile>
    <ClCompile Include="9461-파도반 수열.cpp">
      <Filter>소스 파일</Filter>
    </ClCompile>
    <ClCompile Include="1463-1로 만들기.cpp">
      <Filter>소스 파일</Filter>
    </ClCompile>
    <ClCompile Include="17069-파이프 옮기기 2.cpp">
      <Filter>소스 파일</Filter>
    </ClCompile>
    <ClCompile Include="2293-동전 1.cpp">
      <Filter>소스 파일</Filter>
    </ClCompile>
    <ClCompile Include="1311-할 일 정하기 1.cpp">
      <Filter>소스 파일</Filter>
    </ClCompile>
    <ClCompile Include="1135-뉴스 전하기.cpp">
      <Filter>소스 파일</Filter>
    </ClCompile>
    <ClCompile Include="13398-연속합 2.cpp">
      <Filter>소스 파일</Filter>
    </ClCompile>
    <ClCompile Include="1937-욕심쟁이 판다.cpp">
      <Filter>소스 파일</Filter>
    </ClCompile>
    <ClCompile Include="14722-우유 도시.cpp">
      <Filter>소스 파일</Filter>
    </ClCompile>
  </ItemGroup>
  <ItemGroup>
    <Text Include="input.txt">
      <Filter>리소스 파일</Filter>
    </Text>
  </ItemGroup>
</Project>